#MicroXplorer Configuration settings - do not modify
DSIHOST.IPParameters=NumberOfLanes,StopWaitTime,TEAcknowledgeRequest,LPGenShortWriteNoP,LPGenShortWriteOneP,LPGenShortWriteTwoP,LPGenShortReadNoP,LPGenShortReadOneP,LPGenShortReadTwoP,LPGenLongWrite,LPDcsShortWriteNoP,LPDcsShortWriteOneP,LPDcsShortReadNoP,LPDcsLongWrite,LPMaxReadPacket
DSIHOST.LPDcsLongWrite=DSI_LP_DLW_ENABLE
DSIHOST.LPDcsShortReadNoP=DSI_LP_DSR0P_ENABLE
DSIHOST.LPDcsShortWriteNoP=DSI_LP_DSW0P_ENABLE
DSIHOST.LPDcsShortWriteOneP=DSI_LP_DSW1P_ENABLE
DSIHOST.LPGenLongWrite=DSI_LP_GLW_ENABLE
DSIHOST.LPGenShortReadNoP=DSI_LP_GSR0P_ENABLE
DSIHOST.LPGenShortReadOneP=DSI_LP_GSR1P_ENABLE
DSIHOST.LPGenShortReadTwoP=DSI_LP_GSR2P_ENABLE
DSIHOST.LPGenShortWriteNoP=DSI_LP_GSW0P_ENABLE
DSIHOST.LPGenShortWriteOneP=DSI_LP_GSW1P_ENABLE
DSIHOST.LPGenShortWriteTwoP=DSI_LP_GSW2P_ENABLE
DSIHOST.LPMaxReadPacket=DSI_LP_MRDP_ENABLE
DSIHOST.NumberOfLanes=DSI_TWO_DATA_LANES
DSIHOST.StopWaitTime=10
DSIHOST.TEAcknowledgeRequest=DSI_TE_ACKNOWLEDGE_ENABLE
DSIHOST_CKN.GPIOParameters=GPIO_Label
DSIHOST_CKN.GPIO_Label=DSI_CK_N
DSIHOST_CKN.Locked=true
DSIHOST_CKN.Mode=DSIHost_Adapted_TE
DSIHOST_CKN.Signal=DSIHOST_CKN
DSIHOST_CKP.GPIOParameters=GPIO_Label
DSIHOST_CKP.GPIO_Label=DSI_CK_P
DSIHOST_CKP.Locked=true
DSIHOST_CKP.Mode=DSIHost_Adapted_TE
DSIHOST_CKP.Signal=DSIHOST_CKP
DSIHOST_D0N.GPIOParameters=GPIO_Label
DSIHOST_D0N.GPIO_Label=DSI_D0_N
DSIHOST_D0N.Locked=true
DSIHOST_D0N.Mode=DSIHost_Adapted_TE
DSIHOST_D0N.Signal=DSIHOST_D0N
DSIHOST_D0P.GPIOParameters=GPIO_Label
DSIHOST_D0P.GPIO_Label=DSI_D0_P
DSIHOST_D0P.Locked=true
DSIHOST_D0P.Mode=DSIHost_Adapted_TE
DSIHOST_D0P.Signal=DSIHOST_D0P
DSIHOST_D1N.GPIOParameters=GPIO_Label
DSIHOST_D1N.GPIO_Label=DSI_D1_N
DSIHOST_D1N.Locked=true
DSIHOST_D1N.Mode=DSIHost_Adapted_TE
DSIHOST_D1N.Signal=DSIHOST_D1N
DSIHOST_D1P.GPIOParameters=GPIO_Label
DSIHOST_D1P.GPIO_Label=DSI_D1_P
DSIHOST_D1P.Locked=true
DSIHOST_D1P.Mode=DSIHost_Adapted_TE
DSIHOST_D1P.Signal=DSIHOST_D1P
FATFS.BSP.number=1
FATFS0.BSP.STBoard=false
FATFS0.BSP.api=UnknownBspDriver
FATFS0.BSP.component=
FATFS0.BSP.condition=
FATFS0.BSP.i2caddr=0
FATFS0.BSP.i2creg=0
FATFS0.BSP.instance=PG2
FATFS0.BSP.ip=GPIO
FATFS0.BSP.mode=Input
FATFS0.BSP.name=Detect_SDIO
FATFS0.BSP.semaphore=
FATFS0.BSP.solution=PG2
FMC.CASLatency1=FMC_SDRAM_CAS_LATENCY_3
FMC.ExitSelfRefreshDelay1=7
FMC.IPParameters=CASLatency1,SDClockPeriod1,SDClockPeriod2,ReadBurst1,ReadBurst2,LoadToActiveDelay1,ExitSelfRefreshDelay1,SelfRefreshTime1,RowCycleDelay1,RowCycleDelay2,WriteRecoveryTime1,RPDelay1,RPDelay2,RCDDelay1
FMC.LoadToActiveDelay1=2
FMC.RCDDelay1=2
FMC.RPDelay1=2
FMC.RPDelay2=2
FMC.ReadBurst1=FMC_SDRAM_RBURST_ENABLE
FMC.ReadBurst2=FMC_SDRAM_RBURST_ENABLE
FMC.RowCycleDelay1=7
FMC.RowCycleDelay2=7
FMC.SDClockPeriod1=FMC_SDRAM_CLOCK_PERIOD_2
FMC.SDClockPeriod2=FMC_SDRAM_CLOCK_PERIOD_2
FMC.SelfRefreshTime1=4
FMC.WriteRecoveryTime1=3
FREERTOS.IPParameters=Tasks01,configUSE_RECURSIVE_MUTEXES,configUSE_COUNTING_SEMAPHORES,configUSE_APPLICATION_TASK_TAG,configTOTAL_HEAP_SIZE,configUSE_IDLE_HOOK,configUSE_MALLOC_FAILED_HOOK,configCHECK_FOR_STACK_OVERFLOW
FREERTOS.Tasks01=defaultTask,0,4096,StartDefaultTask,Default,NULL,Dynamic,NULL,NULL
FREERTOS.configCHECK_FOR_STACK_OVERFLOW=2
FREERTOS.configTOTAL_HEAP_SIZE=32768
FREERTOS.configUSE_APPLICATION_TASK_TAG=1
FREERTOS.configUSE_COUNTING_SEMAPHORES=1
FREERTOS.configUSE_IDLE_HOOK=1
FREERTOS.configUSE_MALLOC_FAILED_HOOK=1
FREERTOS.configUSE_RECURSIVE_MUTEXES=1
File.Version=6
KeepUserPlacement=false
LTDC.ActiveW=200
LTDC.Alpha_L0=255
LTDC.BlendingFactor1_L0=LTDC_BLENDING_FACTOR1_PAxCA
LTDC.BlendingFactor2_L0=LTDC_BLENDING_FACTOR2_PAxCA
LTDC.FBStartAdress_L0=0xC0000000
LTDC.HBP=1
LTDC.HFP=1
LTDC.HSync=1
LTDC.IPParameters=Layers,WindowX1_L0,WindowY1_L0,PixelFormat_L0,Alpha_L0,BlendingFactor1_L0,BlendingFactor2_L0,FBStartAdress_L0,ImageWidth_L0,ImageHeight_L0,HSync,HBP,ActiveW,HFP,VSync,VBP,VFP
LTDC.ImageHeight_L0=480
LTDC.ImageWidth_L0=200
LTDC.Layers=0
LTDC.PixelFormat_L0=LTDC_PIXEL_FORMAT_RGB565
LTDC.VBP=1
LTDC.VFP=1
LTDC.VSync=1
LTDC.WindowX1_L0=200
LTDC.WindowY1_L0=480
Mcu.Family=STM32F4
Mcu.IP0=CRC
Mcu.IP1=DMA2D
Mcu.IP10=QUADSPI
Mcu.IP11=RCC
Mcu.IP12=SAI1
Mcu.IP13=SDIO
Mcu.IP14=SYS
Mcu.IP15=TIM1
Mcu.IP16=USART3
Mcu.IP17=USART6
Mcu.IP18=USB_HOST
Mcu.IP19=USB_OTG_FS
Mcu.IP2=DSIHOST
Mcu.IP3=FATFS
Mcu.IP4=FMC
Mcu.IP5=FREERTOS
Mcu.IP6=I2C1
Mcu.IP7=I2C2
Mcu.IP8=LTDC
Mcu.IP9=NVIC
Mcu.IPNb=20
Mcu.Name=STM32F469NIHx
Mcu.Package=TFBGA216
Mcu.Pin0=PE4
Mcu.Pin1=PE3
Mcu.Pin10=PA13
Mcu.Pin100=PE11
Mcu.Pin101=PE14
Mcu.Pin102=PB10
Mcu.Pin103=PH8
Mcu.Pin104=PH10
Mcu.Pin105=PA3
Mcu.Pin106=PB0
Mcu.Pin107=PE7
Mcu.Pin108=PE10
Mcu.Pin109=PE12
Mcu.Pin11=PE5
Mcu.Pin110=PE15
Mcu.Pin111=PE13
Mcu.Pin112=PB11
Mcu.Pin113=VP_CRC_VS_CRC
Mcu.Pin114=VP_DMA2D_VS_DMA2D
Mcu.Pin115=VP_FATFS_VS_SDIO
Mcu.Pin116=VP_FREERTOS_VS_CMSIS_V1
Mcu.Pin117=VP_LTDC_DSIMode
Mcu.Pin118=VP_SYS_VS_tim6
Mcu.Pin119=VP_TIM1_VS_ClockSourceINT
Mcu.Pin12=PB9
Mcu.Pin120=VP_USB_HOST_VS_USB_HOST_CDC_FS
Mcu.Pin13=PB7
Mcu.Pin14=PB6
Mcu.Pin15=PG15
Mcu.Pin16=PD6
Mcu.Pin17=PD0
Mcu.Pin18=PC11
Mcu.Pin19=PC10
Mcu.Pin2=PE2
Mcu.Pin20=PA12
Mcu.Pin21=PI4
Mcu.Pin22=PD5
Mcu.Pin23=PD1
Mcu.Pin24=PI3
Mcu.Pin25=PI2
Mcu.Pin26=PA11
Mcu.Pin27=PF0
Mcu.Pin28=PI5
Mcu.Pin29=PI7
Mcu.Pin3=PG14
Mcu.Pin30=PI10
Mcu.Pin31=PI6
Mcu.Pin32=PK3
Mcu.Pin33=PG9
Mcu.Pin34=PD4
Mcu.Pin35=PD2
Mcu.Pin36=PH15
Mcu.Pin37=PI1
Mcu.Pin38=PA10
Mcu.Pin39=PC14/OSC32_IN
Mcu.Pin4=PE1
Mcu.Pin40=PF1
Mcu.Pin41=PI9
Mcu.Pin42=PH13
Mcu.Pin43=PH14
Mcu.Pin44=PI0
Mcu.Pin45=PA9
Mcu.Pin46=PC15/OSC32_OUT
Mcu.Pin47=DSIHOST_D1P
Mcu.Pin48=DSIHOST_D1N
Mcu.Pin49=PC9
Mcu.Pin5=PE0
Mcu.Pin50=PH0/OSC_IN
Mcu.Pin51=PF2
Mcu.Pin52=PC8
Mcu.Pin53=PH1/OSC_OUT
Mcu.Pin54=PF3
Mcu.Pin55=PH4
Mcu.Pin56=DSIHOST_CKP
Mcu.Pin57=DSIHOST_CKN
Mcu.Pin58=PG8
Mcu.Pin59=PF4
Mcu.Pin6=PB8
Mcu.Pin60=PH5
Mcu.Pin61=PH3
Mcu.Pin62=DSIHOST_D0P
Mcu.Pin63=DSIHOST_D0N
Mcu.Pin64=PG7
Mcu.Pin65=PG6
Mcu.Pin66=PF7
Mcu.Pin67=PF6
Mcu.Pin68=PF5
Mcu.Pin69=PH2
Mcu.Pin7=PB3
Mcu.Pin70=PD15
Mcu.Pin71=PD10
Mcu.Pin72=PF10
Mcu.Pin73=PF9
Mcu.Pin74=PF8
Mcu.Pin75=PD14
Mcu.Pin76=PD9
Mcu.Pin77=PD8
Mcu.Pin78=PC0
Mcu.Pin79=PB2/BOOT1
Mcu.Pin8=PC12
Mcu.Pin80=PF12
Mcu.Pin81=PG1
Mcu.Pin82=PF15
Mcu.Pin83=PD13
Mcu.Pin84=PG2
Mcu.Pin85=PJ5
Mcu.Pin86=PH12
Mcu.Pin87=PA0/WKUP
Mcu.Pin88=PF13
Mcu.Pin89=PG0
Mcu.Pin9=PA14
Mcu.Pin90=PE8
Mcu.Pin91=PG5
Mcu.Pin92=PG4
Mcu.Pin93=PH7
Mcu.Pin94=PH9
Mcu.Pin95=PH11
Mcu.Pin96=PF14
Mcu.Pin97=PJ2
Mcu.Pin98=PF11
Mcu.Pin99=PE9
Mcu.PinsNb=121
Mcu.ThirdPartyNb=0
Mcu.UserConstants=
Mcu.UserName=STM32F469NIHx
MxCube.Version=6.0.0
MxDb.Version=DB.6.0.0
NVIC.BusFault_IRQn=true\:0\:0\:false\:false\:true\:false\:false\:false
NVIC.DMA2D_IRQn=true\:5\:0\:false\:false\:true\:true\:true\:true
NVIC.DSI_IRQn=true\:5\:0\:false\:false\:true\:true\:true\:true
NVIC.DebugMonitor_IRQn=true\:0\:0\:false\:false\:true\:false\:false\:false
NVIC.ForceEnableDMAVector=true
NVIC.HardFault_IRQn=true\:0\:0\:false\:false\:true\:false\:false\:false
NVIC.LTDC_IRQn=true\:5\:0\:false\:false\:true\:true\:true\:true
NVIC.MemoryManagement_IRQn=true\:0\:0\:false\:false\:true\:false\:false\:false
NVIC.NonMaskableInt_IRQn=true\:0\:0\:false\:false\:true\:false\:false\:false
NVIC.OTG_FS_IRQn=true\:5\:0\:false\:false\:true\:true\:true\:true
NVIC.PendSV_IRQn=true\:15\:0\:false\:false\:false\:true\:false\:false
NVIC.PriorityGroup=NVIC_PRIORITYGROUP_4
NVIC.SVCall_IRQn=true\:0\:0\:false\:false\:false\:false\:false\:false
NVIC.SavedPendsvIrqHandlerGenerated=true
NVIC.SavedSvcallIrqHandlerGenerated=true
NVIC.SavedSystickIrqHandlerGenerated=true
NVIC.SysTick_IRQn=true\:15\:0\:false\:false\:false\:true\:false\:true
NVIC.TIM6_DAC_IRQn=true\:0\:0\:false\:false\:true\:false\:false\:true
NVIC.TimeBase=TIM6_DAC_IRQn
NVIC.TimeBaseIP=TIM6
NVIC.UsageFault_IRQn=true\:0\:0\:false\:false\:true\:false\:false\:false
PA0/WKUP.GPIOParameters=GPIO_Label
PA0/WKUP.GPIO_Label=WAKEUP [B2]
PA0/WKUP.Locked=true
PA0/WKUP.Mode=SYS_WakeUp0
PA0/WKUP.Signal=SYS_WKUP
PA10.GPIOParameters=GPIO_Speed,GPIO_PuPd,GPIO_Label,GPIO_Mode
PA10.GPIO_Label=USB_FS1_ID
PA10.GPIO_Mode=GPIO_MODE_AF_PP
PA10.GPIO_PuPd=GPIO_NOPULL
PA10.GPIO_Speed=GPIO_SPEED_FREQ_VERY_HIGH
PA10.Locked=true
PA10.Signal=USB_OTG_FS_ID
PA11.GPIOParameters=GPIO_Speed,GPIO_PuPd,GPIO_Label,GPIO_Mode
PA11.GPIO_Label=USB_FS1_N
PA11.GPIO_Mode=GPIO_MODE_AF_PP
PA11.GPIO_PuPd=GPIO_NOPULL
PA11.GPIO_Speed=GPIO_SPEED_FREQ_VERY_HIGH
PA11.Locked=true
PA11.Mode=Host_Only
PA11.Signal=USB_OTG_FS_DM
PA12.GPIOParameters=GPIO_Speed,GPIO_PuPd,GPIO_Label,GPIO_Mode
PA12.GPIO_Label=USB_FS1_P
PA12.GPIO_Mode=GPIO_MODE_AF_PP
PA12.GPIO_PuPd=GPIO_NOPULL
PA12.GPIO_Speed=GPIO_SPEED_FREQ_VERY_HIGH
PA12.Locked=true
PA12.Mode=Host_Only
PA12.Signal=USB_OTG_FS_DP
PA13.GPIOParameters=GPIO_Label
PA13.GPIO_Label=SWDIO
PA13.Locked=true
PA13.Mode=Serial_Wire
PA13.Signal=SYS_JTMS-SWDIO
PA14.GPIOParameters=GPIO_Label
PA14.GPIO_Label=SWCLK
PA14.Locked=true
PA14.Mode=Serial_Wire
PA14.Signal=SYS_JTCK-SWCLK
PA3.GPIOParameters=GPIO_Speed,GPIO_PuPd,GPIO_Label,GPIO_ModeDefaultOutputPP
PA3.GPIO_Label=LCD_BL_CTRL [STLD40DPUR_EN]
PA3.GPIO_ModeDefaultOutputPP=GPIO_MODE_OUTPUT_PP
PA3.GPIO_PuPd=GPIO_NOPULL
PA3.GPIO_Speed=GPIO_SPEED_FREQ_LOW
PA3.Locked=true
PA3.Signal=GPIO_Output
PA9.GPIOParameters=GPIO_Speed,GPIO_PuPd,GPIO_Label,GPIO_Mode
PA9.GPIO_Label=VBUS_FS1
PA9.GPIO_Mode=GPIO_MODE_AF_PP
PA9.GPIO_PuPd=GPIO_NOPULL
PA9.GPIO_Speed=GPIO_SPEED_FREQ_VERY_HIGH
PA9.Locked=true
PA9.Mode=Activate_VBUS
PA9.Signal=USB_OTG_FS_VBUS
PB0.GPIOParameters=GPIO_Speed,GPIO_PuPd,GPIO_Label,GPIO_ModeDefaultOutputPP
PB0.GPIO_Label=EXT_RESET
PB0.GPIO_ModeDefaultOutputPP=GPIO_MODE_OUTPUT_PP
PB0.GPIO_PuPd=GPIO_NOPULL
PB0.GPIO_Speed=GPIO_SPEED_FREQ_LOW
PB0.Locked=true
PB0.Signal=GPIO_Output
PB10.GPIOParameters=GPIO_Speed,GPIO_PuPd,GPIO_Label,GPIO_Mode
PB10.GPIO_Label=STLK_RX [STLINK V2-1_U2_RX]
PB10.GPIO_Mode=GPIO_MODE_AF_PP
PB10.GPIO_PuPd=GPIO_PULLUP
PB10.GPIO_Speed=GPIO_SPEED_FREQ_VERY_HIGH
PB10.Locked=true
PB10.Mode=Asynchronous
PB10.Signal=USART3_TX
PB11.GPIOParameters=GPIO_Speed,GPIO_PuPd,GPIO_Label,GPIO_Mode
PB11.GPIO_Label=STLK_TX [STLINK V2-1_U2_TX]
PB11.GPIO_Mode=GPIO_MODE_AF_PP
PB11.GPIO_PuPd=GPIO_PULLUP
PB11.GPIO_Speed=GPIO_SPEED_FREQ_VERY_HIGH
PB11.Locked=true
PB11.Mode=Asynchronous
PB11.Signal=USART3_RX
PB2/BOOT1.GPIOParameters=GPIO_Speed,GPIO_PuPd,GPIO_Label,GPIO_ModeDefaultOutputPP
PB2/BOOT1.GPIO_Label=OTG_FS1_PowerSwitchOn [STMPS2151STR_En]
PB2/BOOT1.GPIO_ModeDefaultOutputPP=GPIO_MODE_OUTPUT_PP
PB2/BOOT1.GPIO_PuPd=GPIO_NOPULL
PB2/BOOT1.GPIO_Speed=GPIO_SPEED_FREQ_LOW
PB2/BOOT1.Locked=true
PB2/BOOT1.Signal=GPIO_Output
PB3.GPIOParameters=GPIO_Speed,GPIO_PuPd,GPIO_Label,GPIO_Mode
PB3.GPIO_Label=I2S3_CK
PB3.GPIO_Mode=GPIO_MODE_AF_PP
PB3.GPIO_PuPd=GPIO_NOPULL
PB3.GPIO_Speed=GPIO_SPEED_FREQ_LOW
PB3.Locked=true
PB3.Signal=I2S3_CK
PB6.GPIOParameters=GPIO_Speed,GPIO_PuPd,GPIO_Label,GPIO_Mode
PB6.GPIO_Label=QSPI_BK1_NCS [N25Q128A13EF840F_S]
PB6.GPIO_Mode=GPIO_MODE_AF_PP
PB6.GPIO_PuPd=GPIO_NOPULL
PB6.GPIO_Speed=GPIO_SPEED_FREQ_VERY_HIGH
PB6.Locked=true
PB6.Mode=Single Bank 1
PB6.Signal=QUADSPI_BK1_NCS
PB7.GPIOParameters=GPIO_PuPd,GPIO_Label,GPIO_ModeDefaultEXTI
PB7.GPIO_Label=OTG_FS1_OverCurrent [STMPS2151STR_FAULT]
PB7.GPIO_ModeDefaultEXTI=GPIO_MODE_IT_RISING
PB7.GPIO_PuPd=GPIO_NOPULL
PB7.Locked=true
PB7.Signal=GPXTI7
PB8.GPIOParameters=GPIO_Speed,GPIO_PuPdOD,GPIO_Label,GPIO_Mode
PB8.GPIO_Label=I2C1_SCL
PB8.GPIO_Mode=GPIO_MODE_AF_OD
PB8.GPIO_PuPdOD=GPIO_PULLUP
PB8.GPIO_Speed=GPIO_SPEED_FREQ_VERY_HIGH
PB8.Locked=true
PB8.Mode=I2C
PB8.Signal=I2C1_SCL
PB9.GPIOParameters=GPIO_Speed,GPIO_PuPdOD,GPIO_Label,GPIO_Mode
PB9.GPIO_Label=I2C1_SDA
PB9.GPIO_Mode=GPIO_MODE_AF_OD
PB9.GPIO_PuPdOD=GPIO_PULLUP
PB9.GPIO_Speed=GPIO_SPEED_FREQ_VERY_HIGH
PB9.Locked=true
PB9.Mode=I2C
PB9.Signal=I2C1_SDA
PC0.GPIOParameters=GPIO_PuPd,GPIO_Speed_High_Default,GPIO_Label,GPIO_Mode
PC0.GPIO_Label=SDNWE [MT48LC4M32B2B5-6A_WE]
PC0.GPIO_Mode=GPIO_MODE_AF_PP
PC0.GPIO_PuPd=GPIO_NOPULL
PC0.GPIO_Speed_High_Default=GPIO_SPEED_FREQ_VERY_HIGH
PC0.Locked=true
PC0.Signal=FMC_SDNWE
PC10.GPIOParameters=GPIO_PuPd,GPIO_Speed_High_Default,GPIO_Label,GPIO_Mode
PC10.GPIO_Label=uSD_D2
PC10.GPIO_Mode=GPIO_MODE_AF_PP
PC10.GPIO_PuPd=GPIO_NOPULL
PC10.GPIO_Speed_High_Default=GPIO_SPEED_FREQ_VERY_HIGH
PC10.Locked=true
PC10.Mode=SD_4_bits_Wide_bus
PC10.Signal=SDIO_D2
PC11.GPIOParameters=GPIO_PuPd,GPIO_Speed_High_Default,GPIO_Label,GPIO_Mode
PC11.GPIO_Label=uSD_D3
PC11.GPIO_Mode=GPIO_MODE_AF_PP
PC11.GPIO_PuPd=GPIO_NOPULL
PC11.GPIO_Speed_High_Default=GPIO_SPEED_FREQ_VERY_HIGH
PC11.Locked=true
PC11.Mode=SD_4_bits_Wide_bus
PC11.Signal=SDIO_D3
PC12.GPIOParameters=GPIO_PuPd,GPIO_Speed_High_Default,GPIO_Label,GPIO_Mode
PC12.GPIO_Label=uSD_CLK
PC12.GPIO_Mode=GPIO_MODE_AF_PP
PC12.GPIO_PuPd=GPIO_NOPULL
PC12.GPIO_Speed_High_Default=GPIO_SPEED_FREQ_VERY_HIGH
PC12.Locked=true
PC12.Mode=SD_4_bits_Wide_bus
PC12.Signal=SDIO_CK
PC14/OSC32_IN.Locked=true
PC14/OSC32_IN.Mode=LSE-External-Oscillator
PC14/OSC32_IN.Signal=RCC_OSC32_IN
PC15/OSC32_OUT.Locked=true
PC15/OSC32_OUT.Mode=LSE-External-Oscillator
PC15/OSC32_OUT.Signal=RCC_OSC32_OUT
PC8.GPIOParameters=GPIO_PuPd,GPIO_Speed_High_Default,GPIO_Label,GPIO_Mode
PC8.GPIO_Label=uSD_D0
PC8.GPIO_Mode=GPIO_MODE_AF_PP
PC8.GPIO_PuPd=GPIO_NOPULL
PC8.GPIO_Speed_High_Default=GPIO_SPEED_FREQ_VERY_HIGH
PC8.Locked=true
PC8.Mode=SD_4_bits_Wide_bus
PC8.Signal=SDIO_D0
PC9.GPIOParameters=GPIO_PuPd,GPIO_Speed_High_Default,GPIO_Label,GPIO_Mode
PC9.GPIO_Label=uSD_D1
PC9.GPIO_Mode=GPIO_MODE_AF_PP
PC9.GPIO_PuPd=GPIO_NOPULL
PC9.GPIO_Speed_High_Default=GPIO_SPEED_FREQ_VERY_HIGH
PC9.Locked=true
PC9.Mode=SD_4_bits_Wide_bus
PC9.Signal=SDIO_D1
PD0.GPIOParameters=GPIO_PuPd,GPIO_Speed_High_Default,GPIO_Label,GPIO_Mode
PD0.GPIO_Label=D2
PD0.GPIO_Mode=GPIO_MODE_AF_PP
PD0.GPIO_PuPd=GPIO_NOPULL
PD0.GPIO_Speed_High_Default=GPIO_SPEED_FREQ_VERY_HIGH
PD0.Locked=true
PD0.Signal=FMC_D2_DA2
PD1.GPIOParameters=GPIO_PuPd,GPIO_Speed_High_Default,GPIO_Label,GPIO_Mode
PD1.GPIO_Label=D3
PD1.GPIO_Mode=GPIO_MODE_AF_PP
PD1.GPIO_PuPd=GPIO_NOPULL
PD1.GPIO_Speed_High_Default=GPIO_SPEED_FREQ_VERY_HIGH
PD1.Locked=true
PD1.Signal=FMC_D3_DA3
PD10.GPIOParameters=GPIO_PuPd,GPIO_Speed_High_Default,GPIO_Label,GPIO_Mode
PD10.GPIO_Label=D15
PD10.GPIO_Mode=GPIO_MODE_AF_PP
PD10.GPIO_PuPd=GPIO_NOPULL
PD10.GPIO_Speed_High_Default=GPIO_SPEED_FREQ_VERY_HIGH
PD10.Locked=true
PD10.Signal=FMC_D15_DA15
PD13.GPIOParameters=GPIO_ModeDefaultPP,GPIO_Speed,GPIO_PuPd,GPIO_Label
PD13.GPIO_Label=MIC_CK [MP34DT01TR_CLK]
PD13.GPIO_ModeDefaultPP=GPIO_MODE_AF_PP
PD13.GPIO_PuPd=GPIO_NOPULL
PD13.GPIO_Speed=GPIO_SPEED_FREQ_LOW
PD13.Locked=true
PD13.Signal=S_TIM4_CH2
PD14.GPIOParameters=GPIO_PuPd,GPIO_Speed_High_Default,GPIO_Label,GPIO_Mode
PD14.GPIO_Label=D0
PD14.GPIO_Mode=GPIO_MODE_AF_PP
PD14.GPIO_PuPd=GPIO_NOPULL
PD14.GPIO_Speed_High_Default=GPIO_SPEED_FREQ_VERY_HIGH
PD14.Locked=true
PD14.Signal=FMC_D0_DA0
PD15.GPIOParameters=GPIO_PuPd,GPIO_Speed_High_Default,GPIO_Label,GPIO_Mode
PD15.GPIO_Label=D1
PD15.GPIO_Mode=GPIO_MODE_AF_PP
PD15.GPIO_PuPd=GPIO_NOPULL
PD15.GPIO_Speed_High_Default=GPIO_SPEED_FREQ_VERY_HIGH
PD15.Locked=true
PD15.Signal=FMC_D1_DA1
PD2.GPIOParameters=GPIO_PuPd,GPIO_Speed_High_Default,GPIO_Label,GPIO_Mode
PD2.GPIO_Label=uSD_CMD
PD2.GPIO_Mode=GPIO_MODE_AF_PP
PD2.GPIO_PuPd=GPIO_NOPULL
PD2.GPIO_Speed_High_Default=GPIO_SPEED_FREQ_VERY_HIGH
PD2.Locked=true
PD2.Mode=SD_4_bits_Wide_bus
PD2.Signal=SDIO_CMD
PD4.GPIOParameters=GPIO_Speed,GPIO_PuPd,GPIO_Label,GPIO_ModeDefaultOutputPP
PD4.GPIO_Label=LED2 [Orange]
PD4.GPIO_ModeDefaultOutputPP=GPIO_MODE_OUTPUT_OD
PD4.GPIO_PuPd=GPIO_NOPULL
PD4.GPIO_Speed=GPIO_SPEED_FREQ_LOW
PD4.Locked=true
PD4.Signal=GPIO_Output
PD5.GPIOParameters=GPIO_Speed,GPIO_PuPd,GPIO_Label,GPIO_ModeDefaultOutputPP
PD5.GPIO_Label=LED3 [Red]
PD5.GPIO_ModeDefaultOutputPP=GPIO_MODE_OUTPUT_OD
PD5.GPIO_PuPd=GPIO_NOPULL
PD5.GPIO_Speed=GPIO_SPEED_FREQ_LOW
PD5.Locked=true
PD5.Signal=GPIO_Output
PD6.GPIOParameters=GPIO_Speed,GPIO_PuPd,GPIO_Label,GPIO_Mode
PD6.GPIO_Label=MIC_DATA [MP34DT01TR_DOUT]
PD6.GPIO_Mode=GPIO_MODE_AF_PP
PD6.GPIO_PuPd=GPIO_NOPULL
PD6.GPIO_Speed=GPIO_SPEED_FREQ_LOW
PD6.Locked=true
PD6.Mode=SAI_A_MasterWithClock
PD6.Signal=SAI1_SD_A
PD8.GPIOParameters=GPIO_PuPd,GPIO_Speed_High_Default,GPIO_Label,GPIO_Mode
PD8.GPIO_Label=D13
PD8.GPIO_Mode=GPIO_MODE_AF_PP
PD8.GPIO_PuPd=GPIO_NOPULL
PD8.GPIO_Speed_High_Default=GPIO_SPEED_FREQ_VERY_HIGH
PD8.Locked=true
PD8.Signal=FMC_D13_DA13
PD9.GPIOParameters=GPIO_PuPd,GPIO_Speed_High_Default,GPIO_Label,GPIO_Mode
PD9.GPIO_Label=D14
PD9.GPIO_Mode=GPIO_MODE_AF_PP
PD9.GPIO_PuPd=GPIO_NOPULL
PD9.GPIO_Speed_High_Default=GPIO_SPEED_FREQ_VERY_HIGH
PD9.Locked=true
PD9.Signal=FMC_D14_DA14
PE0.GPIOParameters=GPIO_PuPd,GPIO_Speed_High_Default,GPIO_Label,GPIO_Mode
PE0.GPIO_Label=FMC_NBL0 [ MT48LC4M32B2B5-6A_DQM0]
PE0.GPIO_Mode=GPIO_MODE_AF_PP
PE0.GPIO_PuPd=GPIO_NOPULL
PE0.GPIO_Speed_High_Default=GPIO_SPEED_FREQ_VERY_HIGH
PE0.Locked=true
PE0.Signal=FMC_NBL0
PE1.GPIOParameters=GPIO_PuPd,GPIO_Speed_High_Default,GPIO_Label,GPIO_Mode
PE1.GPIO_Label=FMC_NBL1 [ MT48LC4M32B2B5-6A_DQM1]
PE1.GPIO_Mode=GPIO_MODE_AF_PP
PE1.GPIO_PuPd=GPIO_NOPULL
PE1.GPIO_Speed_High_Default=GPIO_SPEED_FREQ_VERY_HIGH
PE1.Locked=true
PE1.Signal=FMC_NBL1
PE10.GPIOParameters=GPIO_PuPd,GPIO_Speed_High_Default,GPIO_Label,GPIO_Mode
PE10.GPIO_Label=D7
PE10.GPIO_Mode=GPIO_MODE_AF_PP
PE10.GPIO_PuPd=GPIO_NOPULL
PE10.GPIO_Speed_High_Default=GPIO_SPEED_FREQ_VERY_HIGH
PE10.Locked=true
PE10.Signal=FMC_D7_DA7
PE11.GPIOParameters=GPIO_PuPd,GPIO_Speed_High_Default,GPIO_Label,GPIO_Mode
PE11.GPIO_Label=D8
PE11.GPIO_Mode=GPIO_MODE_AF_PP
PE11.GPIO_PuPd=GPIO_NOPULL
PE11.GPIO_Speed_High_Default=GPIO_SPEED_FREQ_VERY_HIGH
PE11.Locked=true
PE11.Signal=FMC_D8_DA8
PE12.GPIOParameters=GPIO_PuPd,GPIO_Speed_High_Default,GPIO_Label,GPIO_Mode
PE12.GPIO_Label=D9
PE12.GPIO_Mode=GPIO_MODE_AF_PP
PE12.GPIO_PuPd=GPIO_NOPULL
PE12.GPIO_Speed_High_Default=GPIO_SPEED_FREQ_VERY_HIGH
PE12.Locked=true
PE12.Signal=FMC_D9_DA9
PE13.GPIOParameters=GPIO_PuPd,GPIO_Speed_High_Default,GPIO_Label,GPIO_Mode
PE13.GPIO_Label=D10
PE13.GPIO_Mode=GPIO_MODE_AF_PP
PE13.GPIO_PuPd=GPIO_NOPULL
PE13.GPIO_Speed_High_Default=GPIO_SPEED_FREQ_VERY_HIGH
PE13.Locked=true
PE13.Signal=FMC_D10_DA10
PE14.GPIOParameters=GPIO_PuPd,GPIO_Speed_High_Default,GPIO_Label,GPIO_Mode
PE14.GPIO_Label=D11
PE14.GPIO_Mode=GPIO_MODE_AF_PP
PE14.GPIO_PuPd=GPIO_NOPULL
PE14.GPIO_Speed_High_Default=GPIO_SPEED_FREQ_VERY_HIGH
PE14.Locked=true
PE14.Signal=FMC_D11_DA11
PE15.GPIOParameters=GPIO_PuPd,GPIO_Speed_High_Default,GPIO_Label,GPIO_Mode
PE15.GPIO_Label=D12
PE15.GPIO_Mode=GPIO_MODE_AF_PP
PE15.GPIO_PuPd=GPIO_NOPULL
PE15.GPIO_Speed_High_Default=GPIO_SPEED_FREQ_VERY_HIGH
PE15.Locked=true
PE15.Signal=FMC_D12_DA12
PE2.GPIOParameters=GPIO_Speed,GPIO_PuPd,GPIO_Label,GPIO_ModeDefaultOutputPP
PE2.GPIO_Label=AUDIO_RST [CS43L22_RESET]
PE2.GPIO_ModeDefaultOutputPP=GPIO_MODE_OUTPUT_PP
PE2.GPIO_PuPd=GPIO_NOPULL
PE2.GPIO_Speed=GPIO_SPEED_FREQ_LOW
PE2.Locked=true
PE2.Signal=GPIO_Output
PE3.GPIOParameters=GPIO_Speed,GPIO_PuPd,GPIO_Label,GPIO_ModeDefaultOutputPP
PE3.GPIO_Label=SPKR/HP [CS43L22_SPKR/HP]
PE3.GPIO_ModeDefaultOutputPP=GPIO_MODE_OUTPUT_PP
PE3.GPIO_PuPd=GPIO_NOPULL
PE3.GPIO_Speed=GPIO_SPEED_FREQ_LOW
PE3.Locked=true
PE3.Signal=GPIO_Output
PE4.GPIOParameters=GPIO_Speed,GPIO_PuPd,GPIO_Label,GPIO_Mode
PE4.GPIO_Label=SAI1_FSA [CS43L22_LRCK]
PE4.GPIO_Mode=GPIO_MODE_AF_PP
PE4.GPIO_PuPd=GPIO_NOPULL
PE4.GPIO_Speed=GPIO_SPEED_FREQ_LOW
PE4.Locked=true
PE4.Mode=SAI_A_MasterWithClock
PE4.Signal=SAI1_FS_A
PE5.GPIOParameters=GPIO_Speed,GPIO_PuPd,GPIO_Label,GPIO_Mode
PE5.GPIO_Label=SAI1_SCKA [CS43L22_CLK]
PE5.GPIO_Mode=GPIO_MODE_AF_PP
PE5.GPIO_PuPd=GPIO_NOPULL
PE5.GPIO_Speed=GPIO_SPEED_FREQ_LOW
PE5.Locked=true
PE5.Mode=SAI_A_MasterWithClock
PE5.Signal=SAI1_SCK_A
PE7.GPIOParameters=GPIO_PuPd,GPIO_Speed_High_Default,GPIO_Label,GPIO_Mode
PE7.GPIO_Label=D4
PE7.GPIO_Mode=GPIO_MODE_AF_PP
PE7.GPIO_PuPd=GPIO_NOPULL
PE7.GPIO_Speed_High_Default=GPIO_SPEED_FREQ_VERY_HIGH
PE7.Locked=true
PE7.Signal=FMC_D4_DA4
PE8.GPIOParameters=GPIO_PuPd,GPIO_Speed_High_Default,GPIO_Label,GPIO_Mode
PE8.GPIO_Label=D5
PE8.GPIO_Mode=GPIO_MODE_AF_PP
PE8.GPIO_PuPd=GPIO_NOPULL
PE8.GPIO_Speed_High_Default=GPIO_SPEED_FREQ_VERY_HIGH
PE8.Locked=true
PE8.Signal=FMC_D5_DA5
PE9.GPIOParameters=GPIO_PuPd,GPIO_Speed_High_Default,GPIO_Label,GPIO_Mode
PE9.GPIO_Label=D6
PE9.GPIO_Mode=GPIO_MODE_AF_PP
PE9.GPIO_PuPd=GPIO_NOPULL
PE9.GPIO_Speed_High_Default=GPIO_SPEED_FREQ_VERY_HIGH
PE9.Locked=true
PE9.Signal=FMC_D6_DA6
PF0.GPIOParameters=GPIO_PuPd,GPIO_Speed_High_Default,GPIO_Label,GPIO_Mode
PF0.GPIO_Label=A0
PF0.GPIO_Mode=GPIO_MODE_AF_PP
PF0.GPIO_PuPd=GPIO_NOPULL
PF0.GPIO_Speed_High_Default=GPIO_SPEED_FREQ_VERY_HIGH
PF0.Locked=true
PF0.Signal=FMC_A0
PF1.GPIOParameters=GPIO_PuPd,GPIO_Speed_High_Default,GPIO_Label,GPIO_Mode
PF1.GPIO_Label=A1
PF1.GPIO_Mode=GPIO_MODE_AF_PP
PF1.GPIO_PuPd=GPIO_NOPULL
PF1.GPIO_Speed_High_Default=GPIO_SPEED_FREQ_VERY_HIGH
PF1.Locked=true
PF1.Signal=FMC_A1
PF10.GPIOParameters=GPIO_Speed,GPIO_PuPd,GPIO_Label,GPIO_Mode
PF10.GPIO_Label=QSPI_CLK [N25Q128A13EF840F_C]
PF10.GPIO_Mode=GPIO_MODE_AF_PP
PF10.GPIO_PuPd=GPIO_NOPULL
PF10.GPIO_Speed=GPIO_SPEED_FREQ_VERY_HIGH
PF10.Locked=true
PF10.Mode=Single Bank 1
PF10.Signal=QUADSPI_CLK
PF11.GPIOParameters=GPIO_PuPd,GPIO_Speed_High_Default,GPIO_Label,GPIO_Mode
PF11.GPIO_Label=SDNMT48LC4M32B2B5-6A_RAS]RAS [
PF11.GPIO_Mode=GPIO_MODE_AF_PP
PF11.GPIO_PuPd=GPIO_NOPULL
PF11.GPIO_Speed_High_Default=GPIO_SPEED_FREQ_VERY_HIGH
PF11.Locked=true
PF11.Signal=FMC_SDNRAS
PF12.GPIOParameters=GPIO_PuPd,GPIO_Speed_High_Default,GPIO_Label,GPIO_Mode
PF12.GPIO_Label=A6
PF12.GPIO_Mode=GPIO_MODE_AF_PP
PF12.GPIO_PuPd=GPIO_NOPULL
PF12.GPIO_Speed_High_Default=GPIO_SPEED_FREQ_VERY_HIGH
PF12.Locked=true
PF12.Signal=FMC_A6
PF13.GPIOParameters=GPIO_PuPd,GPIO_Speed_High_Default,GPIO_Label,GPIO_Mode
PF13.GPIO_Label=A7
PF13.GPIO_Mode=GPIO_MODE_AF_PP
PF13.GPIO_PuPd=GPIO_NOPULL
PF13.GPIO_Speed_High_Default=GPIO_SPEED_FREQ_VERY_HIGH
PF13.Locked=true
PF13.Signal=FMC_A7
PF14.GPIOParameters=GPIO_PuPd,GPIO_Speed_High_Default,GPIO_Label,GPIO_Mode
PF14.GPIO_Label=A8
PF14.GPIO_Mode=GPIO_MODE_AF_PP
PF14.GPIO_PuPd=GPIO_NOPULL
PF14.GPIO_Speed_High_Default=GPIO_SPEED_FREQ_VERY_HIGH
PF14.Locked=true
PF14.Signal=FMC_A8
PF15.GPIOParameters=GPIO_PuPd,GPIO_Speed_High_Default,GPIO_Label,GPIO_Mode
PF15.GPIO_Label=A9
PF15.GPIO_Mode=GPIO_MODE_AF_PP
PF15.GPIO_PuPd=GPIO_NOPULL
PF15.GPIO_Speed_High_Default=GPIO_SPEED_FREQ_VERY_HIGH
PF15.Locked=true
PF15.Signal=FMC_A9
PF2.GPIOParameters=GPIO_PuPd,GPIO_Speed_High_Default,GPIO_Label,GPIO_Mode
PF2.GPIO_Label=A2
PF2.GPIO_Mode=GPIO_MODE_AF_PP
PF2.GPIO_PuPd=GPIO_NOPULL
PF2.GPIO_Speed_High_Default=GPIO_SPEED_FREQ_VERY_HIGH
PF2.Locked=true
PF2.Signal=FMC_A2
PF3.GPIOParameters=GPIO_PuPd,GPIO_Speed_High_Default,GPIO_Label,GPIO_Mode
PF3.GPIO_Label=A3
PF3.GPIO_Mode=GPIO_MODE_AF_PP
PF3.GPIO_PuPd=GPIO_NOPULL
PF3.GPIO_Speed_High_Default=GPIO_SPEED_FREQ_VERY_HIGH
PF3.Locked=true
PF3.Signal=FMC_A3
PF4.GPIOParameters=GPIO_PuPd,GPIO_Speed_High_Default,GPIO_Label,GPIO_Mode
PF4.GPIO_Label=A4
PF4.GPIO_Mode=GPIO_MODE_AF_PP
PF4.GPIO_PuPd=GPIO_NOPULL
PF4.GPIO_Speed_High_Default=GPIO_SPEED_FREQ_VERY_HIGH
PF4.Locked=true
PF4.Signal=FMC_A4
PF5.GPIOParameters=GPIO_PuPd,GPIO_Speed_High_Default,GPIO_Label,GPIO_Mode
PF5.GPIO_Label=A5
PF5.GPIO_Mode=GPIO_MODE_AF_PP
PF5.GPIO_PuPd=GPIO_NOPULL
PF5.GPIO_Speed_High_Default=GPIO_SPEED_FREQ_VERY_HIGH
PF5.Locked=true
PF5.Signal=FMC_A5
PF6.GPIOParameters=GPIO_Speed,GPIO_PuPd,GPIO_Label,GPIO_Mode
PF6.GPIO_Label=QSPI_BK1_IO3 [N25Q128A13EF840F_DQ3]
PF6.GPIO_Mode=GPIO_MODE_AF_PP
PF6.GPIO_PuPd=GPIO_NOPULL
PF6.GPIO_Speed=GPIO_SPEED_FREQ_VERY_HIGH
PF6.Locked=true
PF6.Mode=Single Bank 1
PF6.Signal=QUADSPI_BK1_IO3
PF7.GPIOParameters=GPIO_Speed,GPIO_PuPd,GPIO_Label,GPIO_Mode
PF7.GPIO_Label=QSPI_BK1_IO2 [N25Q128A13EF840F_DQ2]
PF7.GPIO_Mode=GPIO_MODE_AF_PP
PF7.GPIO_PuPd=GPIO_NOPULL
PF7.GPIO_Speed=GPIO_SPEED_FREQ_VERY_HIGH
PF7.Locked=true
PF7.Mode=Single Bank 1
PF7.Signal=QUADSPI_BK1_IO2
PF8.GPIOParameters=GPIO_Speed,GPIO_PuPd,GPIO_Label,GPIO_Mode
PF8.GPIO_Label=QSPI_BK1_IO0 [N25Q128A13EF840F_DQ0]
PF8.GPIO_Mode=GPIO_MODE_AF_PP
PF8.GPIO_PuPd=GPIO_NOPULL
PF8.GPIO_Speed=GPIO_SPEED_FREQ_VERY_HIGH
PF8.Locked=true
PF8.Mode=Single Bank 1
PF8.Signal=QUADSPI_BK1_IO0
PF9.GPIOParameters=GPIO_Speed,GPIO_PuPd,GPIO_Label,GPIO_Mode
PF9.GPIO_Label=QSPI_BK1_IO1 [N25Q128A13EF840F_DQ1]
PF9.GPIO_Mode=GPIO_MODE_AF_PP
PF9.GPIO_PuPd=GPIO_NOPULL
PF9.GPIO_Speed=GPIO_SPEED_FREQ_VERY_HIGH
PF9.Locked=true
PF9.Mode=Single Bank 1
PF9.Signal=QUADSPI_BK1_IO1
PG0.GPIOParameters=GPIO_PuPd,GPIO_Speed_High_Default,GPIO_Label,GPIO_Mode
PG0.GPIO_Label=A10
PG0.GPIO_Mode=GPIO_MODE_AF_PP
PG0.GPIO_PuPd=GPIO_NOPULL
PG0.GPIO_Speed_High_Default=GPIO_SPEED_FREQ_VERY_HIGH
PG0.Locked=true
PG0.Signal=FMC_A10
PG1.GPIOParameters=GPIO_PuPd,GPIO_Speed_High_Default,GPIO_Label,GPIO_Mode
PG1.GPIO_Label=A11
PG1.GPIO_Mode=GPIO_MODE_AF_PP
PG1.GPIO_PuPd=GPIO_NOPULL
PG1.GPIO_Speed_High_Default=GPIO_SPEED_FREQ_VERY_HIGH
PG1.Locked=true
PG1.Signal=FMC_A11
PG14.GPIOParameters=GPIO_Speed,GPIO_PuPd,GPIO_Label,GPIO_Mode
PG14.GPIO_Label=ARDUINO USART6_TX
PG14.GPIO_Mode=GPIO_MODE_AF_PP
PG14.GPIO_PuPd=GPIO_NOPULL
PG14.GPIO_Speed=GPIO_SPEED_FREQ_VERY_HIGH
PG14.Locked=true
PG14.Mode=Asynchronous
PG14.Signal=USART6_TX
PG15.GPIOParameters=GPIO_PuPd,GPIO_Speed_High_Default,GPIO_Label,GPIO_Mode
PG15.GPIO_Label=SDNCAS [MT48LC4M32B2B5-6A_CAS]
PG15.GPIO_Mode=GPIO_MODE_AF_PP
PG15.GPIO_PuPd=GPIO_NOPULL
PG15.GPIO_Speed_High_Default=GPIO_SPEED_FREQ_VERY_HIGH
PG15.Locked=true
PG15.Signal=FMC_SDNCAS
PG2.GPIOParameters=GPIO_PuPd,GPIO_Label,GPIO_Mode
PG2.GPIO_Label=uSD_Detect
PG2.GPIO_Mode=GPIO_MODE_INPUT
PG2.GPIO_PuPd=GPIO_NOPULL
PG2.Locked=true
PG2.Signal=GPIO_Input
PG4.Locked=true
PG4.Signal=FMC_A14_BA0
PG5.Locked=true
PG5.Signal=FMC_A15_BA1
PG6.GPIOParameters=GPIO_Speed,GPIO_PuPd,GPIO_Label,GPIO_ModeDefaultOutputPP
PG6.GPIO_Label=LED1 [Green]
PG6.GPIO_ModeDefaultOutputPP=GPIO_MODE_OUTPUT_OD
PG6.GPIO_PuPd=GPIO_NOPULL
PG6.GPIO_Speed=GPIO_SPEED_FREQ_LOW
PG6.Locked=true
PG6.Signal=GPIO_Output
PG7.GPIOParameters=GPIO_Speed,GPIO_PuPd,GPIO_Label,GPIO_Mode
PG7.GPIO_Label=SAI1_MCLKA [CS43L22_MCLK]
PG7.GPIO_Mode=GPIO_MODE_AF_PP
PG7.GPIO_PuPd=GPIO_NOPULL
PG7.GPIO_Speed=GPIO_SPEED_FREQ_LOW
PG7.Locked=true
PG7.Mode=SAI_A_MasterWithClock
PG7.Signal=SAI1_MCLK_A
PG8.GPIOParameters=GPIO_PuPd,GPIO_Speed_High_Default,GPIO_Label,GPIO_Mode
PG8.GPIO_Label=SDCLK [MT48LC4M32B2B5-6A_CLK]
PG8.GPIO_Mode=GPIO_MODE_AF_PP
PG8.GPIO_PuPd=GPIO_NOPULL
PG8.GPIO_Speed_High_Default=GPIO_SPEED_FREQ_VERY_HIGH
PG8.Locked=true
PG8.Signal=FMC_SDCLK
PG9.GPIOParameters=GPIO_Speed,GPIO_PuPd,GPIO_Label,GPIO_Mode
PG9.GPIO_Label=USART6_RX
PG9.GPIO_Mode=GPIO_MODE_AF_PP
PG9.GPIO_PuPd=GPIO_NOPULL
PG9.GPIO_Speed=GPIO_SPEED_FREQ_VERY_HIGH
PG9.Locked=true
PG9.Mode=Asynchronous
PG9.Signal=USART6_RX
PH0/OSC_IN.Locked=true
PH0/OSC_IN.Mode=HSE-External-Oscillator
PH0/OSC_IN.Signal=RCC_OSC_IN
PH1/OSC_OUT.Locked=true
PH1/OSC_OUT.Mode=HSE-External-Oscillator
PH1/OSC_OUT.Signal=RCC_OSC_OUT
PH10.GPIOParameters=GPIO_PuPd,GPIO_Speed_High_Default,GPIO_Label,GPIO_Mode
PH10.GPIO_Label=D18
PH10.GPIO_Mode=GPIO_MODE_AF_PP
PH10.GPIO_PuPd=GPIO_NOPULL
PH10.GPIO_Speed_High_Default=GPIO_SPEED_FREQ_VERY_HIGH
PH10.Locked=true
PH10.Signal=FMC_D18
PH11.GPIOParameters=GPIO_PuPd,GPIO_Speed_High_Default,GPIO_Label,GPIO_Mode
PH11.GPIO_Label=D19
PH11.GPIO_Mode=GPIO_MODE_AF_PP
PH11.GPIO_PuPd=GPIO_NOPULL
PH11.GPIO_Speed_High_Default=GPIO_SPEED_FREQ_VERY_HIGH
PH11.Locked=true
PH11.Signal=FMC_D19
PH12.GPIOParameters=GPIO_PuPd,GPIO_Speed_High_Default,GPIO_Label,GPIO_Mode
PH12.GPIO_Label=D20
PH12.GPIO_Mode=GPIO_MODE_AF_PP
PH12.GPIO_PuPd=GPIO_NOPULL
PH12.GPIO_Speed_High_Default=GPIO_SPEED_FREQ_VERY_HIGH
PH12.Locked=true
PH12.Signal=FMC_D20
PH13.GPIOParameters=GPIO_PuPd,GPIO_Speed_High_Default,GPIO_Label,GPIO_Mode
PH13.GPIO_Label=D21
PH13.GPIO_Mode=GPIO_MODE_AF_PP
PH13.GPIO_PuPd=GPIO_NOPULL
PH13.GPIO_Speed_High_Default=GPIO_SPEED_FREQ_VERY_HIGH
PH13.Locked=true
PH13.Signal=FMC_D21
PH14.GPIOParameters=GPIO_PuPd,GPIO_Speed_High_Default,GPIO_Label,GPIO_Mode
PH14.GPIO_Label=D22
PH14.GPIO_Mode=GPIO_MODE_AF_PP
PH14.GPIO_PuPd=GPIO_NOPULL
PH14.GPIO_Speed_High_Default=GPIO_SPEED_FREQ_VERY_HIGH
PH14.Locked=true
PH14.Signal=FMC_D22
PH15.GPIOParameters=GPIO_PuPd,GPIO_Speed_High_Default,GPIO_Label,GPIO_Mode
PH15.GPIO_Label=D23
PH15.GPIO_Mode=GPIO_MODE_AF_PP
PH15.GPIO_PuPd=GPIO_NOPULL
PH15.GPIO_Speed_High_Default=GPIO_SPEED_FREQ_VERY_HIGH
PH15.Locked=true
PH15.Signal=FMC_D23
PH2.GPIOParameters=GPIO_PuPd,GPIO_Speed_High_Default,GPIO_Label,GPIO_Mode
PH2.GPIO_Label=SDCKE0 [MT48LC4M32B2B5-6A_CKE]
PH2.GPIO_Mode=GPIO_MODE_AF_PP
PH2.GPIO_PuPd=GPIO_NOPULL
PH2.GPIO_Speed_High_Default=GPIO_SPEED_FREQ_VERY_HIGH
PH2.Locked=true
PH2.Mode=SdramChipSelect1_1
PH2.Signal=FMC_SDCKE0
PH3.GPIOParameters=GPIO_PuPd,GPIO_Speed_High_Default,GPIO_Label,GPIO_Mode
PH3.GPIO_Label=SDNE0 [MT48LC4M32B2B5-6A_CS]
PH3.GPIO_Mode=GPIO_MODE_AF_PP
PH3.GPIO_PuPd=GPIO_NOPULL
PH3.GPIO_Speed_High_Default=GPIO_SPEED_FREQ_VERY_HIGH
PH3.Locked=true
PH3.Mode=SdramChipSelect1_1
PH3.Signal=FMC_SDNE0
PH4.GPIOParameters=GPIO_Speed,GPIO_PuPdOD,GPIO_Label,GPIO_Mode
PH4.GPIO_Label=I2C2_SCL [CS43L22_SCL]
PH4.GPIO_Mode=GPIO_MODE_AF_OD
PH4.GPIO_PuPdOD=GPIO_PULLUP
PH4.GPIO_Speed=GPIO_SPEED_FREQ_VERY_HIGH
PH4.Locked=true
PH4.Mode=I2C
PH4.Signal=I2C2_SCL
PH5.GPIOParameters=GPIO_Speed,GPIO_PuPdOD,GPIO_Label,GPIO_Mode
PH5.GPIO_Label=I2C2_SDA [CS43L22_SDA]
PH5.GPIO_Mode=GPIO_MODE_AF_OD
PH5.GPIO_PuPdOD=GPIO_PULLUP
PH5.GPIO_Speed=GPIO_SPEED_FREQ_VERY_HIGH
PH5.Locked=true
PH5.Mode=I2C
PH5.Signal=I2C2_SDA
PH7.Locked=true
PH7.Signal=GPIO_Output
PH8.GPIOParameters=GPIO_PuPd,GPIO_Speed_High_Default,GPIO_Label,GPIO_Mode
PH8.GPIO_Label=D16
PH8.GPIO_Mode=GPIO_MODE_AF_PP
PH8.GPIO_PuPd=GPIO_NOPULL
PH8.GPIO_Speed_High_Default=GPIO_SPEED_FREQ_VERY_HIGH
PH8.Locked=true
PH8.Signal=FMC_D16
PH9.GPIOParameters=GPIO_PuPd,GPIO_Speed_High_Default,GPIO_Label,GPIO_Mode
PH9.GPIO_Label=D17
PH9.GPIO_Mode=GPIO_MODE_AF_PP
PH9.GPIO_PuPd=GPIO_NOPULL
PH9.GPIO_Speed_High_Default=GPIO_SPEED_FREQ_VERY_HIGH
PH9.Locked=true
PH9.Signal=FMC_D17
PI0.GPIOParameters=GPIO_PuPd,GPIO_Speed_High_Default,GPIO_Label,GPIO_Mode
PI0.GPIO_Label=D24
PI0.GPIO_Mode=GPIO_MODE_AF_PP
PI0.GPIO_PuPd=GPIO_NOPULL
PI0.GPIO_Speed_High_Default=GPIO_SPEED_FREQ_VERY_HIGH
PI0.Locked=true
PI0.Signal=FMC_D24
PI1.GPIOParameters=GPIO_PuPd,GPIO_Speed_High_Default,GPIO_Label,GPIO_Mode
PI1.GPIO_Label=D25
PI1.GPIO_Mode=GPIO_MODE_AF_PP
PI1.GPIO_PuPd=GPIO_NOPULL
PI1.GPIO_Speed_High_Default=GPIO_SPEED_FREQ_VERY_HIGH
PI1.Locked=true
PI1.Signal=FMC_D25
PI10.GPIOParameters=GPIO_PuPd,GPIO_Speed_High_Default,GPIO_Label,GPIO_Mode
PI10.GPIO_Label=D31
PI10.GPIO_Mode=GPIO_MODE_AF_PP
PI10.GPIO_PuPd=GPIO_NOPULL
PI10.GPIO_Speed_High_Default=GPIO_SPEED_FREQ_VERY_HIGH
PI10.Locked=true
PI10.Signal=FMC_D31
PI2.GPIOParameters=GPIO_PuPd,GPIO_Speed_High_Default,GPIO_Label,GPIO_Mode
PI2.GPIO_Label=D26
PI2.GPIO_Mode=GPIO_MODE_AF_PP
PI2.GPIO_PuPd=GPIO_NOPULL
PI2.GPIO_Speed_High_Default=GPIO_SPEED_FREQ_VERY_HIGH
PI2.Locked=true
PI2.Signal=FMC_D26
PI3.GPIOParameters=GPIO_PuPd,GPIO_Speed_High_Default,GPIO_Label,GPIO_Mode
PI3.GPIO_Label=D27
PI3.GPIO_Mode=GPIO_MODE_AF_PP
PI3.GPIO_PuPd=GPIO_NOPULL
PI3.GPIO_Speed_High_Default=GPIO_SPEED_FREQ_VERY_HIGH
PI3.Locked=true
PI3.Signal=FMC_D27
PI4.GPIOParameters=GPIO_PuPd,GPIO_Speed_High_Default,GPIO_Label,GPIO_Mode
PI4.GPIO_Label=FMC_NBL2 [MT48LC4M32B2B5-6A_DQM2]
PI4.GPIO_Mode=GPIO_MODE_AF_PP
PI4.GPIO_PuPd=GPIO_NOPULL
PI4.GPIO_Speed_High_Default=GPIO_SPEED_FREQ_VERY_HIGH
PI4.Locked=true
PI4.Signal=FMC_NBL2
PI5.GPIOParameters=GPIO_PuPd,GPIO_Speed_High_Default,GPIO_Label,GPIO_Mode
PI5.GPIO_Label=FMC_NBL3 [MT48LC4M32B2B5-6A_DQM3]
PI5.GPIO_Mode=GPIO_MODE_AF_PP
PI5.GPIO_PuPd=GPIO_NOPULL
PI5.GPIO_Speed_High_Default=GPIO_SPEED_FREQ_VERY_HIGH
PI5.Locked=true
PI5.Signal=FMC_NBL3
PI6.GPIOParameters=GPIO_PuPd,GPIO_Speed_High_Default,GPIO_Label,GPIO_Mode
PI6.GPIO_Label=D28
PI6.GPIO_Mode=GPIO_MODE_AF_PP
PI6.GPIO_PuPd=GPIO_NOPULL
PI6.GPIO_Speed_High_Default=GPIO_SPEED_FREQ_VERY_HIGH
PI6.Locked=true
PI6.Signal=FMC_D28
PI7.GPIOParameters=GPIO_PuPd,GPIO_Speed_High_Default,GPIO_Label,GPIO_Mode
PI7.GPIO_Label=D29
PI7.GPIO_Mode=GPIO_MODE_AF_PP
PI7.GPIO_PuPd=GPIO_NOPULL
PI7.GPIO_Speed_High_Default=GPIO_SPEED_FREQ_VERY_HIGH
PI7.Locked=true
PI7.Signal=FMC_D29
PI9.GPIOParameters=GPIO_PuPd,GPIO_Speed_High_Default,GPIO_Label,GPIO_Mode
PI9.GPIO_Label=D30
PI9.GPIO_Mode=GPIO_MODE_AF_PP
PI9.GPIO_PuPd=GPIO_NOPULL
PI9.GPIO_Speed_High_Default=GPIO_SPEED_FREQ_VERY_HIGH
PI9.Locked=true
PI9.Signal=FMC_D30
PJ2.GPIOParameters=GPIO_Speed,GPIO_PuPd,GPIO_Label,GPIO_Mode
PJ2.GPIO_Label=DSI_TE
PJ2.GPIO_Mode=GPIO_MODE_AF_PP
PJ2.GPIO_PuPd=GPIO_NOPULL
PJ2.GPIO_Speed=GPIO_SPEED_FREQ_VERY_HIGH
PJ2.Locked=true
PJ2.Mode=DSIHost_Adapted_TE
PJ2.Signal=DSIHOST_TE
PJ5.GPIOParameters=GPIO_PuPd,GPIO_Label,GPIO_ModeDefaultEXTI
PJ5.GPIO_Label=LCD_INT
PJ5.GPIO_ModeDefaultEXTI=GPIO_MODE_IT_RISING
PJ5.GPIO_PuPd=GPIO_NOPULL
PJ5.Locked=true
PJ5.Signal=GPXTI5
PK3.GPIOParameters=GPIO_Speed,GPIO_PuPd,GPIO_Label,GPIO_ModeDefaultOutputPP
PK3.GPIO_Label=LED4 [Blue]
PK3.GPIO_ModeDefaultOutputPP=GPIO_MODE_OUTPUT_OD
PK3.GPIO_PuPd=GPIO_NOPULL
PK3.GPIO_Speed=GPIO_SPEED_FREQ_LOW
PK3.Locked=true
PK3.Signal=GPIO_Output
PinOutPanel.CurrentBGAView=Top
PinOutPanel.RotationAngle=0
ProjectManager.AskForMigrate=true
ProjectManager.BackupPrevious=false
ProjectManager.CompilerOptimize=6
ProjectManager.ComputerToolchain=false
ProjectManager.CoupleFile=false
ProjectManager.CustomerFirmwarePackage=
ProjectManager.DefaultFWLocation=true
ProjectManager.DeletePrevious=true
ProjectManager.DeviceId=STM32F469NIHx
ProjectManager.FirmwarePackage=STM32Cube FW_F4 V1.25.1
ProjectManager.FreePins=false
ProjectManager.HalAssertFull=false
ProjectManager.HeapSize=0x200
ProjectManager.KeepUserCode=true
ProjectManager.LastFirmware=true
ProjectManager.LibraryCopy=1
ProjectManager.MainLocation=Core/Src
ProjectManager.NoMain=false
ProjectManager.PreviousToolchain=
ProjectManager.ProjectBuild=false
ProjectManager.ProjectFileName=PCBArts VaporPhaseOne Display Bootloader.ioc
ProjectManager.ProjectName=PCBArts VaporPhaseOne Display Bootloader
ProjectManager.RegisterCallBack=
ProjectManager.StackSize=0x400
ProjectManager.TargetToolchain=STM32CubeIDE
ProjectManager.ToolChainLocation=
ProjectManager.UnderRoot=true
ProjectManager.functionlistsort=1-MX_GPIO_Init-GPIO-false-HAL-true,2-SystemClock_Config-RCC-false-HAL-false,3-MX_CRC_Init-CRC-false-HAL-true,4-MX_DMA2D_Init-DMA2D-false-HAL-true,5-MX_DSIHOST_DSI_Init-DSIHOST-false-HAL-true,6-MX_FMC_Init-FMC-false-HAL-true,7-MX_I2C1_Init-I2C1-false-HAL-true,8-MX_I2C2_Init-I2C2-false-HAL-true,9-MX_LTDC_Init-LTDC-false-HAL-true,10-MX_QUADSPI_Init-QUADSPI-false-HAL-true,11-MX_SAI1_Init-SAI1-false-HAL-true,12-MX_SDIO_SD_Init-SDIO-false-HAL-true,13-MX_TIM1_Init-TIM1-false-HAL-true,14-MX_USART3_UART_Init-USART3-false-HAL-true,15-MX_USART6_UART_Init-USART6-false-HAL-true,16-MX_FATFS_Init-FATFS-false-HAL-false,17-MX_USB_HOST_Init-USB_HOST-false-HAL-false
RCC.AHBFreq_Value=180000000
RCC.APB1CLKDivider=RCC_HCLK_DIV4
RCC.APB1Freq_Value=45000000
RCC.APB1TimFreq_Value=90000000
RCC.APB2CLKDivider=RCC_HCLK_DIV2
RCC.APB2Freq_Value=90000000
RCC.APB2TimFreq_Value=180000000
RCC.CortexFreq_Value=180000000
RCC.DSIFreq_Value=62500000
RCC.DSITXEscFreq_Value=15625000
RCC.EthernetFreq_Value=180000000
RCC.FCLKCortexFreq_Value=180000000
RCC.FamilyName=M
RCC.HCLKFreq_Value=180000000
RCC.HSE_VALUE=8000000
RCC.I2SFreq_Value=192000000
RCC.IPParameters=AHBFreq_Value,APB1CLKDivider,APB1Freq_Value,APB1TimFreq_Value,APB2CLKDivider,APB2Freq_Value,APB2TimFreq_Value,CortexFreq_Value,DSIFreq_Value,DSITXEscFreq_Value,EthernetFreq_Value,FCLKCortexFreq_Value,FamilyName,HCLKFreq_Value,HSE_VALUE,I2SFreq_Value,LCDTFTFreq_Value,MCO2PinFreq_Value,PLLCLKFreq_Value,PLLDSIFreq_Value,PLLDSIIDF,PLLDSINDIV,PLLDSIVCOFreq_Value,PLLI2SQCLKFreq_Value,PLLI2SRCLKFreq_Value,PLLM,PLLN,PLLQ,PLLQCLKFreq_Value,PLLR,PLLRCLKFreq_Value,PLLRFreq_Value,PLLSAIN,PLLSAIP,PLLSAIPCLKFreq_Value,PLLSAIQ,PLLSAIQCLKFreq_Value,PLLSAIRCLKFreq_Value,PLLSAIRDiv,RTCFreq_Value,RTCHSEDivFreq_Value,SAIAFreq_Value,SAIBFreq_Value,SDIOFreq_Value,SYSCLKFreq_VALUE,SYSCLKSource,USBCLockSelection,USBFreq_Value,VCOI2SOutputFreq_Value,VCOInputFreq_Value,VCOOutputFreq_Value,VCOSAIOutputFreq_Value
RCC.LCDTFTFreq_Value=36000000
RCC.MCO2PinFreq_Value=180000000
RCC.PLLCLKFreq_Value=180000000
RCC.PLLDSIFreq_Value=500000000
RCC.PLLDSIIDF=DSI_PLL_IN_DIV2
RCC.PLLDSINDIV=125
RCC.PLLDSIVCOFreq_Value=1000000000
RCC.PLLI2SQCLKFreq_Value=96000000
RCC.PLLI2SRCLKFreq_Value=192000000
RCC.PLLM=4
RCC.PLLN=180
RCC.PLLQ=6
RCC.PLLQCLKFreq_Value=60000000
RCC.PLLR=6
RCC.PLLRCLKFreq_Value=60000000
RCC.PLLRFreq_Value=60000000
RCC.PLLSAIN=144
RCC.PLLSAIP=RCC_PLLSAIP_DIV6
RCC.PLLSAIPCLKFreq_Value=48000000
RCC.PLLSAIQ=2
RCC.PLLSAIQCLKFreq_Value=144000000
RCC.PLLSAIRCLKFreq_Value=144000000
RCC.PLLSAIRDiv=RCC_PLLSAIDIVR_4
RCC.RTCFreq_Value=32000
RCC.RTCHSEDivFreq_Value=4000000
RCC.SAIAFreq_Value=144000000
RCC.SAIBFreq_Value=144000000
RCC.SDIOFreq_Value=48000000
RCC.SYSCLKFreq_VALUE=180000000
RCC.SYSCLKSource=RCC_SYSCLKSOURCE_PLLCLK
RCC.USBCLockSelection=RCC_CLK48CLKSOURCE_PLLSAIP
RCC.USBFreq_Value=48000000
RCC.VCOI2SOutputFreq_Value=384000000
RCC.VCOInputFreq_Value=2000000
RCC.VCOOutputFreq_Value=360000000
RCC.VCOSAIOutputFreq_Value=288000000
SAI1.ErrorAudioFreq-SAI_A_MasterWithClock=46.48 %
SAI1.IPParameters=Instance-SAI_A_MasterWithClock,MClockEnable-SAI_A_MasterWithClock,RealAudioFreq-SAI_A_MasterWithClock,ErrorAudioFreq-SAI_A_MasterWithClock,VirtualMode-SAI_A_MasterWithClock,Synchro-SAI_A_MasterWithClock
SAI1.Instance-SAI_A_MasterWithClock=SAI$Index_Block_A
SAI1.MClockEnable-SAI_A_MasterWithClock=SAI_MASTERCLOCK_ENABLE
SAI1.RealAudioFreq-SAI_A_MasterWithClock=281.25 KHz
SAI1.Synchro-SAI_A_MasterWithClock=SAI_ASYNCHRONOUS
SAI1.VirtualMode-SAI_A_MasterWithClock=VM_MASTER
SDIO.IPParameters=WideMode
SDIO.WideMode=SDIO_BUS_WIDE_4B
SH.FMC_A0.0=FMC_A0,12b-sda1
SH.FMC_A0.ConfNb=1
SH.FMC_A1.0=FMC_A1,12b-sda1
SH.FMC_A1.ConfNb=1
SH.FMC_A10.0=FMC_A10,12b-sda1
SH.FMC_A10.ConfNb=1
SH.FMC_A11.0=FMC_A11,12b-sda1
SH.FMC_A11.ConfNb=1
SH.FMC_A14_BA0.0=FMC_BA0,FourSdramBanks1
SH.FMC_A14_BA0.ConfNb=1
SH.FMC_A15_BA1.0=FMC_BA1,FourSdramBanks1
SH.FMC_A15_BA1.ConfNb=1
SH.FMC_A2.0=FMC_A2,12b-sda1
SH.FMC_A2.ConfNb=1
SH.FMC_A3.0=FMC_A3,12b-sda1
SH.FMC_A3.ConfNb=1
SH.FMC_A4.0=FMC_A4,12b-sda1
SH.FMC_A4.ConfNb=1
SH.FMC_A5.0=FMC_A5,12b-sda1
SH.FMC_A5.ConfNb=1
SH.FMC_A6.0=FMC_A6,12b-sda1
SH.FMC_A6.ConfNb=1
SH.FMC_A7.0=FMC_A7,12b-sda1
SH.FMC_A7.ConfNb=1
SH.FMC_A8.0=FMC_A8,12b-sda1
SH.FMC_A8.ConfNb=1
SH.FMC_A9.0=FMC_A9,12b-sda1
SH.FMC_A9.ConfNb=1
SH.FMC_D0_DA0.0=FMC_D0,sd-32b-d1
SH.FMC_D0_DA0.ConfNb=1
SH.FMC_D10_DA10.0=FMC_D10,sd-32b-d1
SH.FMC_D10_DA10.ConfNb=1
SH.FMC_D11_DA11.0=FMC_D11,sd-32b-d1
SH.FMC_D11_DA11.ConfNb=1
SH.FMC_D12_DA12.0=FMC_D12,sd-32b-d1
SH.FMC_D12_DA12.ConfNb=1
SH.FMC_D13_DA13.0=FMC_D13,sd-32b-d1
SH.FMC_D13_DA13.ConfNb=1
SH.FMC_D14_DA14.0=FMC_D14,sd-32b-d1
SH.FMC_D14_DA14.ConfNb=1
SH.FMC_D15_DA15.0=FMC_D15,sd-32b-d1
SH.FMC_D15_DA15.ConfNb=1
SH.FMC_D16.0=FMC_D16,sd-32b-d1
SH.FMC_D16.ConfNb=1
SH.FMC_D17.0=FMC_D17,sd-32b-d1
SH.FMC_D17.ConfNb=1
SH.FMC_D18.0=FMC_D18,sd-32b-d1
SH.FMC_D18.ConfNb=1
SH.FMC_D19.0=FMC_D19,sd-32b-d1
SH.FMC_D19.ConfNb=1
SH.FMC_D1_DA1.0=FMC_D1,sd-32b-d1
SH.FMC_D1_DA1.ConfNb=1
SH.FMC_D20.0=FMC_D20,sd-32b-d1
SH.FMC_D20.ConfNb=1
SH.FMC_D21.0=FMC_D21,sd-32b-d1
SH.FMC_D21.ConfNb=1
SH.FMC_D22.0=FMC_D22,sd-32b-d1
SH.FMC_D22.ConfNb=1
SH.FMC_D23.0=FMC_D23,sd-32b-d1
SH.FMC_D23.ConfNb=1
SH.FMC_D24.0=FMC_D24,sd-32b-d1
SH.FMC_D24.ConfNb=1
SH.FMC_D25.0=FMC_D25,sd-32b-d1
SH.FMC_D25.ConfNb=1
SH.FMC_D26.0=FMC_D26,sd-32b-d1
SH.FMC_D26.ConfNb=1
SH.FMC_D27.0=FMC_D27,sd-32b-d1
SH.FMC_D27.ConfNb=1
SH.FMC_D28.0=FMC_D28,sd-32b-d1
SH.FMC_D28.ConfNb=1
SH.FMC_D29.0=FMC_D29,sd-32b-d1
SH.FMC_D29.ConfNb=1
SH.FMC_D2_DA2.0=FMC_D2,sd-32b-d1
SH.FMC_D2_DA2.ConfNb=1
SH.FMC_D30.0=FMC_D30,sd-32b-d1
SH.FMC_D30.ConfNb=1
SH.FMC_D31.0=FMC_D31,sd-32b-d1
SH.FMC_D31.ConfNb=1
SH.FMC_D3_DA3.0=FMC_D3,sd-32b-d1
SH.FMC_D3_DA3.ConfNb=1
SH.FMC_D4_DA4.0=FMC_D4,sd-32b-d1
SH.FMC_D4_DA4.ConfNb=1
SH.FMC_D5_DA5.0=FMC_D5,sd-32b-d1
SH.FMC_D5_DA5.ConfNb=1
SH.FMC_D6_DA6.0=FMC_D6,sd-32b-d1
SH.FMC_D6_DA6.ConfNb=1
SH.FMC_D7_DA7.0=FMC_D7,sd-32b-d1
SH.FMC_D7_DA7.ConfNb=1
SH.FMC_D8_DA8.0=FMC_D8,sd-32b-d1
SH.FMC_D8_DA8.ConfNb=1
SH.FMC_D9_DA9.0=FMC_D9,sd-32b-d1
SH.FMC_D9_DA9.ConfNb=1
SH.FMC_NBL0.0=FMC_NBL0,Sd4ByteEnable1
SH.FMC_NBL0.ConfNb=1
SH.FMC_NBL1.0=FMC_NBL1,Sd4ByteEnable1
SH.FMC_NBL1.ConfNb=1
SH.FMC_NBL2.0=FMC_NBL2,Sd4ByteEnable1
SH.FMC_NBL2.ConfNb=1
SH.FMC_NBL3.0=FMC_NBL3,Sd4ByteEnable1
SH.FMC_NBL3.ConfNb=1
SH.FMC_SDCLK.0=FMC_SDCLK,12b-sda1
SH.FMC_SDCLK.ConfNb=1
SH.FMC_SDNCAS.0=FMC_SDNCAS,12b-sda1
SH.FMC_SDNCAS.ConfNb=1
SH.FMC_SDNRAS.0=FMC_SDNRAS,12b-sda1
SH.FMC_SDNRAS.ConfNb=1
SH.FMC_SDNWE.0=FMC_SDNWE,12b-sda1
SH.FMC_SDNWE.ConfNb=1
SH.GPXTI5.0=GPIO_EXTI5
SH.GPXTI5.ConfNb=1
SH.GPXTI7.0=GPIO_EXTI7
SH.GPXTI7.ConfNb=1
SH.S_TIM4_CH2.0=TIM4_CH2
SH.S_TIM4_CH2.ConfNb=1
USART3.IPParameters=VirtualMode
USART3.VirtualMode=VM_ASYNC
USART6.IPParameters=VirtualMode
USART6.VirtualMode=VM_ASYNC
USB_HOST.BSP.number=1
USB_HOST.IPParameters=VirtualModeFS,USBH_HandleTypeDef-CDC_FS
USB_HOST.USBH_HandleTypeDef-CDC_FS=hUsbHostFS
USB_HOST.VirtualModeFS=Cdc
USB_HOST0.BSP.STBoard=false
USB_HOST0.BSP.api=UnknownBspDriver
USB_HOST0.BSP.component=
USB_HOST0.BSP.condition=
USB_HOST0.BSP.i2caddr=0
USB_HOST0.BSP.i2creg=0
USB_HOST0.BSP.instance=PB2/BOOT1
USB_HOST0.BSP.ip=GPIO
USB_HOST0.BSP.mode=Output
USB_HOST0.BSP.name=Drive_VBUS_FS
USB_HOST0.BSP.semaphore=
USB_HOST0.BSP.solution=PB2/BOOT1
USB_OTG_FS.IPParameters=phy_itface,VirtualMode
USB_OTG_FS.VirtualMode=Host_Only
USB_OTG_FS.phy_itface=HCD_PHY_EMBEDDED
VP_CRC_VS_CRC.Mode=CRC_Activate
VP_CRC_VS_CRC.Signal=CRC_VS_CRC
VP_DMA2D_VS_DMA2D.Mode=DMA2D_Activate
VP_DMA2D_VS_DMA2D.Signal=DMA2D_VS_DMA2D
VP_FATFS_VS_SDIO.Mode=SDIO
VP_FATFS_VS_SDIO.Signal=FATFS_VS_SDIO
VP_FREERTOS_VS_CMSIS_V1.Mode=CMSIS_V1
VP_FREERTOS_VS_CMSIS_V1.Signal=FREERTOS_VS_CMSIS_V1
VP_LTDC_DSIMode.Mode=RGB888
VP_LTDC_DSIMode.Signal=LTDC_DSIMode
VP_SYS_VS_tim6.Mode=TIM6
VP_SYS_VS_tim6.Signal=SYS_VS_tim6
VP_TIM1_VS_ClockSourceINT.Mode=Internal
VP_TIM1_VS_ClockSourceINT.Signal=TIM1_VS_ClockSourceINT
VP_USB_HOST_VS_USB_HOST_CDC_FS.Mode=CDC_FS
VP_USB_HOST_VS_USB_HOST_CDC_FS.Signal=USB_HOST_VS_USB_HOST_CDC_FS
board=STM32F469I-DISCO
boardIOC=true
