#MicroXplorer Configuration settings - do not modify
CORTEX_M7.AccessPermission-Cortex_Memory_Protection_Unit_Region1_Settings=MPU_REGION_FULL_ACCESS
CORTEX_M7.AccessPermission-Cortex_Memory_Protection_Unit_Region2_Settings=MPU_REGION_FULL_ACCESS
CORTEX_M7.AccessPermission-Cortex_Memory_Protection_Unit_Region3_Settings=MPU_REGION_FULL_ACCESS
CORTEX_M7.BaseAddress-Cortex_Memory_Protection_Unit_Region0_Settings=0x90000000
CORTEX_M7.BaseAddress-Cortex_Memory_Protection_Unit_Region1_Settings=0x90000000
CORTEX_M7.BaseAddress-Cortex_Memory_Protection_Unit_Region2_Settings=0x24000000
CORTEX_M7.BaseAddress-Cortex_Memory_Protection_Unit_Region3_Settings=0x24000000
CORTEX_M7.CPU_DCache=Enabled
CORTEX_M7.CPU_ICache=Enabled
CORTEX_M7.DisableExec-Cortex_Memory_Protection_Unit_Region0_Settings=MPU_INSTRUCTION_ACCESS_DISABLE
CORTEX_M7.DisableExec-Cortex_Memory_Protection_Unit_Region1_Settings=MPU_INSTRUCTION_ACCESS_DISABLE
CORTEX_M7.DisableExec-Cortex_Memory_Protection_Unit_Region2_Settings=MPU_INSTRUCTION_ACCESS_DISABLE
CORTEX_M7.DisableExec-Cortex_Memory_Protection_Unit_Region3_Settings=MPU_INSTRUCTION_ACCESS_DISABLE
CORTEX_M7.Enable-Cortex_Memory_Protection_Unit_Region0_Settings=MPU_REGION_ENABLE
CORTEX_M7.Enable-Cortex_Memory_Protection_Unit_Region1_Settings=MPU_REGION_ENABLE
CORTEX_M7.Enable-Cortex_Memory_Protection_Unit_Region2_Settings=MPU_REGION_ENABLE
CORTEX_M7.Enable-Cortex_Memory_Protection_Unit_Region3_Settings=MPU_REGION_ENABLE
CORTEX_M7.IPParameters=CPU_ICache,CPU_DCache,MPU_Control,Enable-Cortex_Memory_Protection_Unit_Region0_Settings,BaseAddress-Cortex_Memory_Protection_Unit_Region0_Settings,Size-Cortex_Memory_Protection_Unit_Region0_Settings,DisableExec-Cortex_Memory_Protection_Unit_Region0_Settings,Enable-Cortex_Memory_Protection_Unit_Region1_Settings,BaseAddress-Cortex_Memory_Protection_Unit_Region1_Settings,Size-Cortex_Memory_Protection_Unit_Region1_Settings,AccessPermission-Cortex_Memory_Protection_Unit_Region1_Settings,DisableExec-Cortex_Memory_Protection_Unit_Region1_Settings,IsCacheable-Cortex_Memory_Protection_Unit_Region1_Settings,Enable-Cortex_Memory_Protection_Unit_Region2_Settings,BaseAddress-Cortex_Memory_Protection_Unit_Region2_Settings,Size-Cortex_Memory_Protection_Unit_Region2_Settings,AccessPermission-Cortex_Memory_Protection_Unit_Region2_Settings,DisableExec-Cortex_Memory_Protection_Unit_Region2_Settings,IsCacheable-Cortex_Memory_Protection_Unit_Region2_Settings,Enable-Cortex_Memory_Protection_Unit_Region3_Settings,BaseAddress-Cortex_Memory_Protection_Unit_Region3_Settings,Size-Cortex_Memory_Protection_Unit_Region3_Settings,AccessPermission-Cortex_Memory_Protection_Unit_Region3_Settings,DisableExec-Cortex_Memory_Protection_Unit_Region3_Settings,IsCacheable-Cortex_Memory_Protection_Unit_Region3_Settings,IsBufferable-Cortex_Memory_Protection_Unit_Region3_Settings
CORTEX_M7.IsBufferable-Cortex_Memory_Protection_Unit_Region3_Settings=MPU_ACCESS_BUFFERABLE
CORTEX_M7.IsCacheable-Cortex_Memory_Protection_Unit_Region1_Settings=MPU_ACCESS_CACHEABLE
CORTEX_M7.IsCacheable-Cortex_Memory_Protection_Unit_Region2_Settings=MPU_ACCESS_CACHEABLE
CORTEX_M7.IsCacheable-Cortex_Memory_Protection_Unit_Region3_Settings=MPU_ACCESS_CACHEABLE
CORTEX_M7.MPU_Control=MPU_PRIVILEGED_DEFAULT
CORTEX_M7.Size-Cortex_Memory_Protection_Unit_Region0_Settings=MPU_REGION_SIZE_256MB
CORTEX_M7.Size-Cortex_Memory_Protection_Unit_Region1_Settings=MPU_REGION_SIZE_64MB
CORTEX_M7.Size-Cortex_Memory_Protection_Unit_Region2_Settings=MPU_REGION_SIZE_1MB
CORTEX_M7.Size-Cortex_Memory_Protection_Unit_Region3_Settings=MPU_REGION_SIZE_256KB
DMA2D.ColorMode=DMA2D_OUTPUT_RGB565
DMA2D.IPParameters=ColorMode
FREERTOS.FootprintOK=true
FREERTOS.IPParameters=Tasks01,FootprintOK
FREERTOS.Tasks01=GUI_Task,24,2048,TouchGFX_Task,As weak,NULL,Dynamic,NULL,NULL
File.Version=6
GPIO.groupedBy=Group By Peripherals
I2C4.Analog_Filter=I2C_ANALOGFILTER_DISABLE
I2C4.I2C_Fall_Time=0
I2C4.I2C_Rise_Time=0
I2C4.I2C_Speed_Mode=I2C_Standard
I2C4.IPParameters=Timing,Speed,I2C_Speed_Mode,I2C_Rise_Time,I2C_Fall_Time,Analog_Filter
I2C4.Speed=100
I2C4.Timing=0x30808BD0
KeepUserPlacement=false
LTDC.ActiveH=272
LTDC.ActiveW=480
LTDC.Alpha_L0=255
LTDC.BlendingFactor1_L0=LTDC_BLENDING_FACTOR1_CA
LTDC.BlendingFactor2_L0=LTDC_BLENDING_FACTOR2_CA
LTDC.Blue_L0=255
LTDC.HBP=2
LTDC.HFP=32
LTDC.HSync=41
LTDC.IPParameters=ActiveW,HSync,HBP,HFP,VSync,ActiveH,Layers,PixelFormat_L0,WindowX1_L0,WindowY1_L0,Alpha_L0,BlendingFactor1_L0,BlendingFactor2_L0,ImageWidth_L0,ImageHeight_L0,Blue_L0
LTDC.ImageHeight_L0=272
LTDC.ImageWidth_L0=480
LTDC.Layers=0
LTDC.PixelFormat_L0=LTDC_PIXEL_FORMAT_RGB888
LTDC.VSync=10
LTDC.WindowX1_L0=480
LTDC.WindowY1_L0=272
Mcu.Family=STM32H7
Mcu.IP0=CORTEX_M7
Mcu.IP1=CRC
Mcu.IP2=DMA2D
Mcu.IP3=FREERTOS
Mcu.IP4=I2C4
Mcu.IP5=LTDC
Mcu.IP6=NVIC
Mcu.IP7=OCTOSPI1
Mcu.IP8=RCC
Mcu.IP9=SYS
Mcu.IPNb=10
Mcu.Name=STM32H7B3LIHxQ
Mcu.Package=TFBGA225
Mcu.Pin0=PK5
Mcu.Pin1=PK6
Mcu.Pin10=PJ13
Mcu.Pin11=PJ12
Mcu.Pin12=PI12
Mcu.Pin13=PI14
Mcu.Pin14=PI13
Mcu.Pin15=PG2
Mcu.Pin16=PK2
Mcu.Pin17=PK1
Mcu.Pin18=PJ11
Mcu.Pin19=PK0
Mcu.Pin2=PK3
Mcu.Pin20=PJ10
Mcu.Pin21=PJ9
Mcu.Pin22=PJ8
Mcu.Pin23=PD13
Mcu.Pin24=PJ6
Mcu.Pin25=PJ7
Mcu.Pin26=PH0-OSC_IN
Mcu.Pin27=PH1-OSC_OUT
Mcu.Pin28=PD12
Mcu.Pin29=PH2
Mcu.Pin3=PG11
Mcu.Pin30=PI15
Mcu.Pin31=PB14
Mcu.Pin32=PB15
Mcu.Pin33=PJ0
Mcu.Pin34=PJ5
Mcu.Pin35=PA1
Mcu.Pin36=PJ1
Mcu.Pin37=PJ4
Mcu.Pin38=PA2
Mcu.Pin39=PJ2
Mcu.Pin4=PJ15
Mcu.Pin40=PJ3
Mcu.Pin41=VP_CRC_VS_CRC
Mcu.Pin42=VP_DMA2D_VS_DMA2D
Mcu.Pin43=VP_FREERTOS_VS_CMSIS_V2
Mcu.Pin44=VP_OCTOSPI1_VS_octo
Mcu.Pin45=VP_SYS_VS_tim6
Mcu.Pin46=VP_STMicroelectronics.X-CUBE-TOUCHGFX_VS_GraphicsJjApplication_4.15.0
Mcu.Pin5=PK4
Mcu.Pin6=PJ14
Mcu.Pin7=PI0
Mcu.Pin8=PA12
Mcu.Pin9=PK7
Mcu.PinsNb=47
Mcu.ThirdParty0=STMicroelectronics.X-CUBE-TOUCHGFX.4.15.0
Mcu.ThirdPartyNb=1
Mcu.UserConstants=
Mcu.UserName=STM32H7B3LIHxQ
MxCube.Version=6.0.1
MxDb.Version=DB.6.0.0
NVIC.BusFault_IRQn=true\:0\:0\:false\:false\:true\:false\:false\:false
NVIC.DMA2D_IRQn=true\:5\:0\:true\:false\:true\:true\:true\:true
NVIC.DebugMonitor_IRQn=true\:0\:0\:false\:false\:true\:false\:false\:false
NVIC.EXTI2_IRQn=true\:5\:0\:true\:false\:true\:true\:true\:true
NVIC.ForceEnableDMAVector=true
NVIC.HardFault_IRQn=true\:0\:0\:false\:false\:true\:false\:false\:false
NVIC.LTDC_IRQn=true\:5\:0\:true\:false\:true\:true\:true\:true
NVIC.MemoryManagement_IRQn=true\:0\:0\:false\:false\:true\:false\:false\:false
NVIC.NonMaskableInt_IRQn=true\:0\:0\:false\:false\:true\:false\:false\:false
NVIC.OCTOSPI1_IRQn=true\:5\:0\:true\:false\:true\:true\:true\:true
NVIC.PendSV_IRQn=true\:15\:0\:false\:false\:false\:true\:false\:false
NVIC.PriorityGroup=NVIC_PRIORITYGROUP_4
NVIC.SVCall_IRQn=true\:0\:0\:false\:false\:false\:false\:false\:false
NVIC.SavedPendsvIrqHandlerGenerated=true
NVIC.SavedSvcallIrqHandlerGenerated=true
NVIC.SavedSystickIrqHandlerGenerated=true
NVIC.SysTick_IRQn=true\:15\:0\:false\:false\:false\:true\:false\:false
NVIC.TIM6_DAC_IRQn=true\:0\:0\:false\:false\:true\:false\:false\:true
NVIC.TimeBase=TIM6_DAC_IRQn
NVIC.TimeBaseIP=TIM6
NVIC.UsageFault_IRQn=true\:0\:0\:false\:false\:true\:false\:false\:false
OCTOSPI1.ChipSelectBoundary=0
OCTOSPI1.ChipSelectHighTime=2
OCTOSPI1.ClockPrescaler=3
OCTOSPI1.DeviceSize=26
OCTOSPI1.IPParameters=ChipSelectHighTime,DeviceSize,ClockPrescaler,ChipSelectBoundary,Refresh
OCTOSPI1.Refresh=0
PA1.GPIOParameters=GPIO_Speed,PinState,GPIO_PuPd,GPIO_Label,GPIO_ModeDefaultOutputPP
PA1.GPIO_Label=LCD_BL_CTRL
PA1.GPIO_ModeDefaultOutputPP=GPIO_MODE_OUTPUT_PP
PA1.GPIO_PuPd=GPIO_NOPULL
PA1.GPIO_Speed=GPIO_SPEED_FREQ_LOW
PA1.Locked=true
PA1.PinState=GPIO_PIN_RESET
PA1.Signal=GPIO_Output
PA12.GPIOParameters=GPIO_Label
PA12.GPIO_Label=VSYNC_FREQ
PA12.Locked=true
PA12.Signal=GPIO_Output
PA2.GPIOParameters=GPIO_Speed,PinState,GPIO_PuPd,GPIO_Label,GPIO_ModeDefaultOutputPP
PA2.GPIO_Label=LCD_ON/OFF
PA2.GPIO_ModeDefaultOutputPP=GPIO_MODE_OUTPUT_PP
PA2.GPIO_PuPd=GPIO_PULLUP
PA2.GPIO_Speed=GPIO_SPEED_FREQ_LOW
PA2.Locked=true
PA2.PinState=GPIO_PIN_RESET
PA2.Signal=GPIO_Output
PB14.GPIOParameters=GPIO_Label
PB14.GPIO_Label=RENDER_TIME
PB14.Locked=true
PB14.Signal=GPIO_Output
PB15.GPIOParameters=GPIO_Label
PB15.GPIO_Label=FRAME_RATE
PB15.Locked=true
PB15.Signal=GPIO_Output
PD12.GPIOParameters=GPIO_Speed
PD12.GPIO_Speed=GPIO_SPEED_FREQ_HIGH
PD12.Locked=true
PD12.Mode=I2C
PD12.Signal=I2C4_SCL
PD13.GPIOParameters=GPIO_Speed
PD13.GPIO_Speed=GPIO_SPEED_FREQ_HIGH
PD13.Locked=true
PD13.Mode=I2C
PD13.Signal=I2C4_SDA
PG11.GPIOParameters=GPIO_Label
PG11.GPIO_Label=LED3
PG11.Locked=true
PG11.Signal=GPIO_Output
PG2.GPIOParameters=GPIO_Label
PG2.GPIO_Label=LED2
PG2.Locked=true
PG2.Signal=GPIO_Output
PH0-OSC_IN.Mode=HSE-External-Oscillator
PH0-OSC_IN.Signal=RCC_OSC_IN
PH1-OSC_OUT.Mode=HSE-External-Oscillator
PH1-OSC_OUT.Signal=RCC_OSC_OUT
PH2.GPIOParameters=GPIO_PuPd,GPIO_Label
PH2.GPIO_Label=LCD_INT
PH2.GPIO_PuPd=GPIO_PULLUP
PH2.Locked=true
PH2.Signal=GPXTI2
PI0.GPIOParameters=GPIO_Label
PI0.GPIO_Label=MCU_ACTIVE
PI0.Locked=true
PI0.Signal=GPIO_Output
PI12.Locked=true
PI12.Mode=RGB888
PI12.Signal=LTDC_HSYNC
PI13.Locked=true
PI13.Mode=RGB888
PI13.Signal=LTDC_VSYNC
PI14.Locked=true
PI14.Mode=RGB888
PI14.Signal=LTDC_CLK
PI15.Locked=true
PI15.Mode=RGB888
PI15.Signal=LTDC_R0
PJ0.Locked=true
PJ0.Mode=RGB888
PJ0.Signal=LTDC_R1
PJ1.Locked=true
PJ1.Mode=RGB888
PJ1.Signal=LTDC_R2
PJ10.Locked=true
PJ10.Mode=RGB888
PJ10.Signal=LTDC_G3
PJ11.Locked=true
PJ11.Mode=RGB888
PJ11.Signal=LTDC_G4
PJ12.Locked=true
PJ12.Mode=RGB888
PJ12.Signal=LTDC_B0
PJ13.Locked=true
PJ13.Mode=RGB888
PJ13.Signal=LTDC_B1
PJ14.Locked=true
PJ14.Mode=RGB888
PJ14.Signal=LTDC_B2
PJ15.Locked=true
PJ15.Mode=RGB888
PJ15.Signal=LTDC_B3
PJ2.Locked=true
PJ2.Mode=RGB888
PJ2.Signal=LTDC_R3
PJ3.Locked=true
PJ3.Mode=RGB888
PJ3.Signal=LTDC_R4
PJ4.Locked=true
PJ4.Mode=RGB888
PJ4.Signal=LTDC_R5
PJ5.Locked=true
PJ5.Mode=RGB888
PJ5.Signal=LTDC_R6
PJ6.Locked=true
PJ6.Mode=RGB888
PJ6.Signal=LTDC_R7
PJ7.Locked=true
PJ7.Mode=RGB888
PJ7.Signal=LTDC_G0
PJ8.Locked=true
PJ8.Mode=RGB888
PJ8.Signal=LTDC_G1
PJ9.Locked=true
PJ9.Mode=RGB888
PJ9.Signal=LTDC_G2
PK0.Locked=true
PK0.Mode=RGB888
PK0.Signal=LTDC_G5
PK1.Locked=true
PK1.Mode=RGB888
PK1.Signal=LTDC_G6
PK2.Locked=true
PK2.Mode=RGB888
PK2.Signal=LTDC_G7
PK3.Locked=true
PK3.Mode=RGB888
PK3.Signal=LTDC_B4
PK4.Locked=true
PK4.Mode=RGB888
PK4.Signal=LTDC_B5
PK5.Locked=true
PK5.Mode=RGB888
PK5.Signal=LTDC_B6
PK6.Locked=true
PK6.Mode=RGB888
PK6.Signal=LTDC_B7
PK7.GPIOParameters=GPIO_PuPd
PK7.GPIO_PuPd=GPIO_NOPULL
PK7.Locked=true
PK7.Mode=RGB888
PK7.Signal=LTDC_DE
PinOutPanel.CurrentBGAView=Top
PinOutPanel.RotationAngle=0
ProjectManager.AskForMigrate=true
ProjectManager.BackupPrevious=false
ProjectManager.CompilerOptimize=6
ProjectManager.ComputerToolchain=false
ProjectManager.CoupleFile=false
ProjectManager.CustomerFirmwarePackage=..\\..\\..\\..
ProjectManager.DefaultFWLocation=false
ProjectManager.DeletePrevious=true
ProjectManager.DeviceId=STM32H7B3LIHxQ
ProjectManager.FirmwarePackage=STM32Cube FW_H7 V1.8.0
ProjectManager.FreePins=false
ProjectManager.HalAssertFull=false
ProjectManager.HeapSize=0x1000
ProjectManager.KeepUserCode=true
ProjectManager.LastFirmware=true
ProjectManager.LibraryCopy=2
ProjectManager.MainLocation=Core/Src
ProjectManager.NoMain=false
ProjectManager.PreviousToolchain=
ProjectManager.ProjectBuild=false
ProjectManager.ProjectFileName=AnimatedImages.ioc
ProjectManager.ProjectName=AnimatedImages
ProjectManager.RegisterCallBack=
ProjectManager.StackSize=0x1000
ProjectManager.TargetToolchain=STM32CubeIDE
ProjectManager.ToolChainLocation=
ProjectManager.UnderRoot=false
ProjectManager.functionlistsort=1-SystemClock_Config-RCC-false-HAL-false,2-MX_CRC_Init-CRC-false-HAL-true,3-MX_GPIO_Init-GPIO-false-HAL-true,4-MX_DMA2D_Init-DMA2D-false-HAL-true,5-MX_LTDC_Init-LTDC-false-HAL-true,6-MX_I2C4_Init-I2C4-false-HAL-true,7-MX_OCTOSPI1_Init-OCTOSPI1-false-HAL-true,9-MX_TouchGFX_Init-STMicroelectronics.X-CUBE-TOUCHGFX.4.15.0-false-HAL-false,10-MX_TouchGFX_Process-STMicroelectronics.X-CUBE-TOUCHGFX.4.15.0-false-HAL-false,0-MX_CORTEX_M7_Init-CORTEX_M7-false-HAL-true
RCC.ADCFreq_Value=133000000
RCC.AHB12Freq_Value=140000000
RCC.AHB4Freq_Value=140000000
RCC.APB1Freq_Value=140000000
RCC.APB2Freq_Value=140000000
RCC.APB3Freq_Value=140000000
RCC.APB4Freq_Value=140000000
RCC.AXIClockFreq_Value=140000000
RCC.CDCPREFreq_Value=280000000
RCC.CECFreq_Value=32000
RCC.CKPERFreq_Value=24000000
RCC.CKPERSourceSelection=RCC_CLKPSOURCE_HSE
RCC.CortexFreq_Value=280000000
RCC.CpuClockFreq_Value=280000000
RCC.DFSDM2ACLkFreq_Value=140000000
RCC.DFSDM2Freq_Value=140000000
RCC.DFSDMACLkFreq_Value=140000000
RCC.DFSDMFreq_Value=140000000
RCC.DIVM1=12
RCC.DIVM2=24
RCC.DIVM3=24
RCC.DIVN1=280
RCC.DIVN2=266
RCC.DIVN3=192
RCC.DIVP1Freq_Value=280000000
RCC.DIVP2Freq_Value=133000000
RCC.DIVP3Freq_Value=96333374.0234375
RCC.DIVQ1=4
RCC.DIVQ1Freq_Value=140000000
RCC.DIVQ2Freq_Value=133000000
RCC.DIVQ3Freq_Value=96333374.0234375
RCC.DIVR1Freq_Value=280000000
RCC.DIVR2Freq_Value=133000000
RCC.DIVR3=20
RCC.DIVR3Freq_Value=9633337.40234375
RCC.FDCANFreq_Value=140000000
RCC.FMCFreq_Value=140000000
RCC.FamilyName=M
RCC.HCLK3ClockFreq_Value=140000000
RCC.HCLKFreq_Value=140000000
RCC.HPRE=RCC_HCLK_DIV2
RCC.HSIDiv=RCC_PLLSAIDIVR_2
RCC.I2C123Freq_Value=140000000
RCC.I2C4Freq_Value=140000000
RCC.IPParameters=ADCFreq_Value,AHB12Freq_Value,AHB4Freq_Value,APB1Freq_Value,APB2Freq_Value,APB3Freq_Value,APB4Freq_Value,AXIClockFreq_Value,CDCPREFreq_Value,CECFreq_Value,CKPERFreq_Value,CKPERSourceSelection,CortexFreq_Value,CpuClockFreq_Value,DFSDM2ACLkFreq_Value,DFSDM2Freq_Value,DFSDMACLkFreq_Value,DFSDMFreq_Value,DIVM1,DIVM2,DIVM3,DIVN1,DIVN2,DIVN3,DIVP1Freq_Value,DIVP2Freq_Value,DIVP3Freq_Value,DIVQ1,DIVQ1Freq_Value,DIVQ2Freq_Value,DIVQ3Freq_Value,DIVR1Freq_Value,DIVR2Freq_Value,DIVR3,DIVR3Freq_Value,FDCANFreq_Value,FMCFreq_Value,FamilyName,HCLK3ClockFreq_Value,HCLKFreq_Value,HPRE,HSIDiv,I2C123Freq_Value,I2C4Freq_Value,LPTIM1Freq_Value,LPTIM2Freq_Value,LPTIM345Freq_Value,LPUART1Freq_Value,LTDCFreq_Value,MCO1PinFreq_Value,MCO2PinFreq_Value,PLL2FRACN,PLL3FRACN,PLLFRACN,PLLSourceVirtual,PWR_Regulator_Voltage_Scale,QSPICLockSelection,QSPIFreq_Value,RNGFreq_Value,RTCFreq_Value,SAI1Freq_Value,SAI2AFreq_Value,SAI2BFreq_Value,SDMMCFreq_Value,SPDIFRXFreq_Value,SPI123Freq_Value,SPI45Freq_Value,SPI6Freq_Value,SWPMI1Freq_Value,SYSCLKFreq_VALUE,SYSCLKSource,SupplySource,Tim1OutputFreq_Value,Tim2OutputFreq_Value,TraceFreq_Value,USART16Freq_Value,USART234578Freq_Value,USBFreq_Value,VCO1OutputFreq_Value,VCO2OutputFreq_Value,VCO3OutputFreq_Value,VCOInput1Freq_Value,VCOInput2Freq_Value,VCOInput3Freq_Value
RCC.LPTIM1Freq_Value=140000000
RCC.LPTIM2Freq_Value=140000000
RCC.LPTIM345Freq_Value=140000000
RCC.LPUART1Freq_Value=140000000
RCC.LTDCFreq_Value=9633337.40234375
RCC.MCO1PinFreq_Value=32000000
RCC.MCO2PinFreq_Value=280000000
RCC.PLL2FRACN=0
RCC.PLL3FRACN=5462
RCC.PLLFRACN=0
RCC.PLLSourceVirtual=RCC_PLLSOURCE_HSE
RCC.PWR_Regulator_Voltage_Scale=PWR_REGULATOR_VOLTAGE_SCALE0
RCC.QSPICLockSelection=RCC_OSPICLKSOURCE_PLL2
RCC.QSPIFreq_Value=133000000
RCC.RNGFreq_Value=48000000
RCC.RTCFreq_Value=32000
RCC.SAI1Freq_Value=140000000
RCC.SAI2AFreq_Value=140000000
RCC.SAI2BFreq_Value=140000000
RCC.SDMMCFreq_Value=140000000
RCC.SPDIFRXFreq_Value=140000000
RCC.SPI123Freq_Value=140000000
RCC.SPI45Freq_Value=140000000
RCC.SPI6Freq_Value=140000000
RCC.SWPMI1Freq_Value=140000000
RCC.SYSCLKFreq_VALUE=280000000
RCC.SYSCLKSource=RCC_SYSCLKSOURCE_PLLCLK
RCC.SupplySource=PWR_DIRECT_SMPS_SUPPLY
RCC.Tim1OutputFreq_Value=140000000
RCC.Tim2OutputFreq_Value=140000000
RCC.TraceFreq_Value=32000000
RCC.USART16Freq_Value=140000000
RCC.USART234578Freq_Value=140000000
RCC.USBFreq_Value=140000000
RCC.VCO1OutputFreq_Value=560000000
RCC.VCO2OutputFreq_Value=266000000
RCC.VCO3OutputFreq_Value=192666748.046875
RCC.VCOInput1Freq_Value=2000000
RCC.VCOInput2Freq_Value=1000000
RCC.VCOInput3Freq_Value=1000000
SH.GPXTI2.0=GPIO_EXTI2
SH.GPXTI2.ConfNb=1
STMicroelectronics.X-CUBE-TOUCHGFX.4.15.0.ApplicationCcGraphicsJjApplication=TouchGFXOoGenerator
STMicroelectronics.X-CUBE-TOUCHGFX.4.15.0.GraphicsJjApplication_Checked=true
STMicroelectronics.X-CUBE-TOUCHGFX.4.15.0.IPParameters=ApplicationCcGraphicsJjApplication,tgfx_display_interface,tgfx_vsync,tgfx_hardware_accelerator,tgfx_pixel_format,tgfx_buffering_strategy,tgfx_location,tgfx_address1,tgfx_address2
STMicroelectronics.X-CUBE-TOUCHGFX.4.15.0.tgfx_address1=0x24040000
STMicroelectronics.X-CUBE-TOUCHGFX.4.15.0.tgfx_address2=0x2409FA00
STMicroelectronics.X-CUBE-TOUCHGFX.4.15.0.tgfx_buffering_strategy=Double
STMicroelectronics.X-CUBE-TOUCHGFX.4.15.0.tgfx_display_interface=disp_ltdc
STMicroelectronics.X-CUBE-TOUCHGFX.4.15.0.tgfx_hardware_accelerator=dma_2d
STMicroelectronics.X-CUBE-TOUCHGFX.4.15.0.tgfx_location=Allocate
STMicroelectronics.X-CUBE-TOUCHGFX.4.15.0.tgfx_pixel_format=RGB888\:24
STMicroelectronics.X-CUBE-TOUCHGFX.4.15.0.tgfx_vsync=vsync_ltdc
STMicroelectronics.X-CUBE-TOUCHGFX.4.15.0_SwParameter=ApplicationCcGraphicsJjApplication\:TouchGFXOoGenerator;
VP_CRC_VS_CRC.Mode=CRC_Activate
VP_CRC_VS_CRC.Signal=CRC_VS_CRC
VP_DMA2D_VS_DMA2D.Mode=DMA2D_Activate
VP_DMA2D_VS_DMA2D.Signal=DMA2D_VS_DMA2D
VP_FREERTOS_VS_CMSIS_V2.Mode=CMSIS_V2
VP_FREERTOS_VS_CMSIS_V2.Signal=FREERTOS_VS_CMSIS_V2
VP_OCTOSPI1_VS_octo.Mode=octo_mode
VP_OCTOSPI1_VS_octo.Signal=OCTOSPI1_VS_octo
VP_STMicroelectronics.X-CUBE-TOUCHGFX_VS_GraphicsJjApplication_4.15.0.Mode=GraphicsJjApplication
VP_STMicroelectronics.X-CUBE-TOUCHGFX_VS_GraphicsJjApplication_4.15.0.Signal=STMicroelectronics.X-CUBE-TOUCHGFX_VS_GraphicsJjApplication_4.15.0
VP_SYS_VS_tim6.Mode=TIM6
VP_SYS_VS_tim6.Signal=SYS_VS_tim6
board=custom
